
Microsoft Visual Studio Solution File, Format Version 12.00
# Visual Studio Version 17
VisualStudioVersion = 17.6.33723.286
MinimumVisualStudioVersion = 10.0.40219.1
Project("{8BC9CEB8-8B4A-11D0-8D11-00A0C91BC942}") = "section_1_2_friday", "section_1_2_friday\section_1_2_friday.vcxproj", "{2685DDCD-3D01-4DA4-86DC-2A0C5DBC4F44}"
EndProject
Project("{8BC9CEB8-8B4A-11D0-8D11-00A0C91BC942}") = "beads", "section_1_2_beads\beads.vcxproj", "{15957111-EBC2-4FA1-996F-5284EAFAE0F3}"
EndProject
Project("{8BC9CEB8-8B4A-11D0-8D11-00A0C91BC942}") = "milk2", "section_1_3_milk2\milk2.vcxproj", "{3620060F-1B9F-4FFC-A94B-3CFD3594570F}"
EndProject
Project("{8BC9CEB8-8B4A-11D0-8D11-00A0C91BC942}") = "transform", "section_1_3_transform\transform.vcxproj", "{15251616-9F3B-40B6-ABC7-3F49750A7742}"
EndProject
Project("{8BC9CEB8-8B4A-11D0-8D11-00A0C91BC942}") = "namenum", "section_1_3_namenum\namenum.vcxproj", "{8503F5C7-DB43-47A9-AA3D-F6D8F7B17B10}"
EndProject
Project("{8BC9CEB8-8B4A-11D0-8D11-00A0C91BC942}") = "palsquare", "section_1_3_palsquare\palsquare.vcxproj", "{63296DD4-6267-4679-A1C5-D9C60ED40D0B}"
EndProject
Project("{8BC9CEB8-8B4A-11D0-8D11-00A0C91BC942}") = "paldual", "section_1_3_paldual\paldual.vcxproj", "{E0A6B13A-DA93-488F-8958-8A7C69FD9405}"
EndProject
Project("{8BC9CEB8-8B4A-11D0-8D11-00A0C91BC942}") = "namenum_key", "section_1_3_namenum_key\namenum_key.vcxproj", "{B4C6F7F9-B119-4C2F-B8CD-14A0A61700F5}"
EndProject
Project("{8BC9CEB8-8B4A-11D0-8D11-00A0C91BC942}") = "milk", "section_1_4_milk\milk.vcxproj", "{581C5761-B341-4B39-8D6E-D15B7752920B}"
EndProject
Project("{8BC9CEB8-8B4A-11D0-8D11-00A0C91BC942}") = "barn1", "section_1_4_barn1\barn1.vcxproj", "{82397972-7CBC-409A-83AF-93C737938CD0}"
EndProject
Project("{2150E333-8FDC-42A3-9474-1A3956D46DE8}") = "section_1_2", "section_1_2", "{1CB98717-9377-4E90-B37A-14B703478A16}"
EndProject
Project("{2150E333-8FDC-42A3-9474-1A3956D46DE8}") = "section_1_3", "section_1_3", "{85C3254D-43E4-4E7D-99C8-361B45091B91}"
EndProject
Project("{2150E333-8FDC-42A3-9474-1A3956D46DE8}") = "section_1_4", "section_1_4", "{FC4FAA58-148B-42D9-820B-0DDD063A3180}"
EndProject
Project("{8BC9CEB8-8B4A-11D0-8D11-00A0C91BC942}") = "crypt1", "section_1_4_crypt1\crypt1.vcxproj", "{AECD674E-C284-40A6-AD04-FDFF8C1DFBCF}"
EndProject
Project("{8BC9CEB8-8B4A-11D0-8D11-00A0C91BC942}") = "combo", "section_1_4_combo\combo.vcxproj", "{E155C221-E708-48A4-AB80-D78F424FB319}"
EndProject
Project("{8BC9CEB8-8B4A-11D0-8D11-00A0C91BC942}") = "wormhole", "section_1_4_wormhole\wormhole.vcxproj", "{CBD8130C-B56B-4731-97D2-0BC8593F866B}"
EndProject
Project("{8BC9CEB8-8B4A-11D0-8D11-00A0C91BC942}") = "skidesign", "section_1_4_skidesign\skidesign.vcxproj", "{C348F9E5-1177-4AB1-AC24-713CF431DBA4}"
EndProject
Project("{8BC9CEB8-8B4A-11D0-8D11-00A0C91BC942}") = "ariprog", "section_1_5_ariprog\ariprog.vcxproj", "{CA2E2226-8C78-4F12-9A52-570E7E6C479E}"
EndProject
Project("{8BC9CEB8-8B4A-11D0-8D11-00A0C91BC942}") = "milk3", "section_1_5_milk3\milk3.vcxproj", "{6A570835-9BDB-4E14-A6B9-6A34B027F643}"
EndProject
Project("{2150E333-8FDC-42A3-9474-1A3956D46DE8}") = "section_1_5", "section_1_5", "{A8FFBCE2-4E55-4B46-8371-1AE2E941C518}"
EndProject
Project("{2150E333-8FDC-42A3-9474-1A3956D46DE8}") = "section_1_6", "section_1_6", "{87DDBF3E-8095-45B8-8726-A169E6BB1607}"
EndProject
Project("{8BC9CEB8-8B4A-11D0-8D11-00A0C91BC942}") = "numtri", "section_1_6_numtri\numtri.vcxproj", "{4FB2F17B-AA00-4521-A7A0-B5131A0E4CE1}"
EndProject
Project("{8BC9CEB8-8B4A-11D0-8D11-00A0C91BC942}") = "pprime", "section_1_6_pprime\pprime.vcxproj", "{1621E674-FB66-4359-9CBC-283807551824}"
EndProject
Project("{8BC9CEB8-8B4A-11D0-8D11-00A0C91BC942}") = "sprime", "section_1_6_sprime\sprime.vcxproj", "{A50B9B73-251A-49FF-92B3-083B56FD3D38}"
EndProject
Project("{8BC9CEB8-8B4A-11D0-8D11-00A0C91BC942}") = "castle", "section_2_1_castle\castle.vcxproj", "{6539F218-5D7E-4E85-8594-CD47AB1C0AC6}"
EndProject
Project("{2150E333-8FDC-42A3-9474-1A3956D46DE8}") = "section_2_1", "section_2_1", "{889108EE-215D-45BC-A9AF-ED85052F85E2}"
EndProject
Project("{8BC9CEB8-8B4A-11D0-8D11-00A0C91BC942}") = "frac1", "section_2_1_frac1\frac1.vcxproj", "{16D1E65C-74C6-4483-8445-D53BAFFF0F5B}"
EndProject
Project("{8BC9CEB8-8B4A-11D0-8D11-00A0C91BC942}") = "sort3", "section_2_1_sort3\sort3.vcxproj", "{72070875-3EBF-4ECB-8575-1C6413D9181C}"
EndProject
Project("{8BC9CEB8-8B4A-11D0-8D11-00A0C91BC942}") = "holstein", "section_2_1_holstein\holstein.vcxproj", "{E6635D02-7065-46D7-9173-61FD655D0EDE}"
EndProject
Project("{2150E333-8FDC-42A3-9474-1A3956D46DE8}") = "section_2_2", "section_2_2", "{3E2B35AD-C981-4C06-915F-C6EF639EF1F8}"
EndProject
Project("{8BC9CEB8-8B4A-11D0-8D11-00A0C91BC942}") = "hamming", "section_2_1_hamming\hamming.vcxproj", "{1871EB04-C34A-48EF-83DB-BF9F82DFACC0}"
EndProject
Project("{8BC9CEB8-8B4A-11D0-8D11-00A0C91BC942}") = "runround", "section_2_2_runround\runround.vcxproj", "{1312C6B7-6B64-4300-98B1-A186E652C2DF}"
EndProject
Project("{8BC9CEB8-8B4A-11D0-8D11-00A0C91BC942}") = "preface", "section_2_2_preface\preface.vcxproj", "{2CE536F0-1785-4B5F-9B25-F731B8D63C23}"
EndProject
Project("{8BC9CEB8-8B4A-11D0-8D11-00A0C91BC942}") = "lamps", "section_2_2_lamps\lamps.vcxproj", "{F6E11F0A-C3FC-4108-9902-FBC6FF0A31F1}"
EndProject
Project("{8BC9CEB8-8B4A-11D0-8D11-00A0C91BC942}") = "subset", "section_2_2_subset\subset.vcxproj", "{4626E872-6DCC-4BE7-B47B-553318E264D3}"
EndProject
Project("{8BC9CEB8-8B4A-11D0-8D11-00A0C91BC942}") = "prefix", "section_2_3_prefix\prefix.vcxproj", "{E94FA340-C2B5-4B9A-9281-A01B7BCF648E}"
EndProject
Project("{2150E333-8FDC-42A3-9474-1A3956D46DE8}") = "section_2_3", "section_2_3", "{34E48E6C-E858-42C0-9AB1-3ACDE551B15C}"
EndProject
Project("{8BC9CEB8-8B4A-11D0-8D11-00A0C91BC942}") = "nocows", "section_2_3_nocows\nocows.vcxproj", "{FB374A42-2DEF-4523-ACD1-64EE637AD626}"
EndProject
Project("{8BC9CEB8-8B4A-11D0-8D11-00A0C91BC942}") = "zerosum", "section_2_3_zerosum\zerosum.vcxproj", "{E4A593C7-0109-41B4-A331-4E984DD3B2D8}"
EndProject
Project("{8BC9CEB8-8B4A-11D0-8D11-00A0C91BC942}") = "money", "section_2_3_money\money.vcxproj", "{58B6DBD7-DCA0-45FB-9264-04F0BB7E3241}"
EndProject
Project("{8BC9CEB8-8B4A-11D0-8D11-00A0C91BC942}") = "concom", "section_2_3_concom\concom.vcxproj", "{36E9C730-430F-4796-ACF5-48E9AC54AC40}"
EndProject
Project("{2150E333-8FDC-42A3-9474-1A3956D46DE8}") = "section_2_4", "section_2_4", "{77F3872E-F0EA-49BF-8561-80D21550EC14}"
EndProject
Project("{8BC9CEB8-8B4A-11D0-8D11-00A0C91BC942}") = "ttwo", "section_2_4_ttwo\ttwo.vcxproj", "{F52E2EB4-B0D2-4B41-9EAA-6C136C56153F}"
EndProject
Project("{8BC9CEB8-8B4A-11D0-8D11-00A0C91BC942}") = "maze1", "section_2_4_maze1\maze1.vcxproj", "{28534D76-FC81-4993-99FD-A8F9FFCFD30A}"
EndProject
Project("{8BC9CEB8-8B4A-11D0-8D11-00A0C91BC942}") = "cowtour", "section_2_4_cowtour\cowtour.vcxproj", "{3C322787-EF2C-427B-8A90-70C584CBD47B}"
EndProject
Project("{8BC9CEB8-8B4A-11D0-8D11-00A0C91BC942}") = "comehome", "section_2_4_comehome\comehome.vcxproj", "{F5DCD1E8-9787-4293-A026-3EDA04C7967C}"
EndProject
Project("{8BC9CEB8-8B4A-11D0-8D11-00A0C91BC942}") = "fracdec", "section_2_4_fracdec\fracdec.vcxproj", "{16C29A84-715D-4945-A377-0C657F67CD8C}"
EndProject
Project("{8BC9CEB8-8B4A-11D0-8D11-00A0C91BC942}") = "inflate", "section_3_1_inflate\inflate.vcxproj", "{BBEF0B4C-5B5D-4FC7-AC12-CF5AD2E91895}"
EndProject
Project("{8BC9CEB8-8B4A-11D0-8D11-00A0C91BC942}") = "humble", "section_3_1_humble\humble.vcxproj", "{7377D605-B592-470B-B065-E25A7CAB1129}"
EndProject
Project("{8BC9CEB8-8B4A-11D0-8D11-00A0C91BC942}") = "agrinet", "section_3_1_agrinet\agrinet.vcxproj", "{2DD5EB26-B396-45BE-9D9E-24D63C6483B9}"
EndProject
Project("{2150E333-8FDC-42A3-9474-1A3956D46DE8}") = "section_3_1", "section_3_1", "{DC212149-04AF-4E42-85B4-7D7EA854CEBB}"
EndProject
Project("{8BC9CEB8-8B4A-11D0-8D11-00A0C91BC942}") = "stamps", "section_3_1_stamps\stamps.vcxproj", "{5565FD85-190D-4AA2-8859-08C97DE5C753}"
EndProject
Project("{8BC9CEB8-8B4A-11D0-8D11-00A0C91BC942}") = "contact", "section_3_1_contact\contact.vcxproj", "{2E33A568-B777-4B30-BC15-A6C480C306E6}"
EndProject
Project("{2150E333-8FDC-42A3-9474-1A3956D46DE8}") = "section_3_2", "section_3_2", "{E322772A-108F-47FF-B038-147CAB18C4B6}"
EndProject
Project("{8BC9CEB8-8B4A-11D0-8D11-00A0C91BC942}") = "kimbits", "section_3_2_kimbits\kimbits.vcxproj", "{CC747D3A-DA03-4EAE-9CC2-46E75AA7ED5E}"
EndProject
Project("{8BC9CEB8-8B4A-11D0-8D11-00A0C91BC942}") = "spin", "section_3_2_spin\spin.vcxproj", "{B73EBC78-1BB7-4DE4-BCBE-E68B727BBACB}"
EndProject
Project("{8BC9CEB8-8B4A-11D0-8D11-00A0C91BC942}") = "fact4", "section_3_2_fact4\fact4.vcxproj", "{3E8DB3C5-99F9-4380-AA8C-D80303151DE5}"
EndProject
Project("{8BC9CEB8-8B4A-11D0-8D11-00A0C91BC942}") = "ratios", "section_3_2_ratios\ratios.vcxproj", "{8D3E6802-53B1-4572-BE83-1629DADC780E}"
EndProject
Project("{8BC9CEB8-8B4A-11D0-8D11-00A0C91BC942}") = "msquare", "section_3_2_msquare\msquare.vcxproj", "{7B95D702-E9C1-41A6-B86C-8C4123ED7D9D}"
EndProject
Project("{8BC9CEB8-8B4A-11D0-8D11-00A0C91BC942}") = "butter", "section_3_2_butter\butter.vcxproj", "{A5F345D7-393D-4F41-B7AF-25507BCEB3F9}"
EndProject
Project("{8BC9CEB8-8B4A-11D0-8D11-00A0C91BC942}") = "camelot", "section_3_3_camelot\camelot.vcxproj", "{F2A64B77-B942-4D38-B40E-51AE4285A0B4}"
EndProject
Project("{8BC9CEB8-8B4A-11D0-8D11-00A0C91BC942}") = "fence", "section_3_3_fence\fence.vcxproj", "{ACDEF1C1-9422-4D29-9AE3-02755257CBEE}"
EndProject
Project("{8BC9CEB8-8B4A-11D0-8D11-00A0C91BC942}") = "shopping", "section_3_3_shopping\shopping.vcxproj", "{495BF494-6EDB-4AB5-A802-294DD7B40094}"
EndProject
Project("{2150E333-8FDC-42A3-9474-1A3956D46DE8}") = "section_3_3", "section_3_3", "{73386D2D-B020-4286-A481-B7190D6EED5E}"
EndProject
Project("{8BC9CEB8-8B4A-11D0-8D11-00A0C91BC942}") = "range", "section_3_3_range\range.vcxproj", "{60F47E16-DD8E-4D76-B3A0-3EC0615E7B5F}"
EndProject
Project("{8BC9CEB8-8B4A-11D0-8D11-00A0C91BC942}") = "game1", "section_3_3_game1\game1.vcxproj", "{F7674AF8-C15E-4869-9930-C2DD1E6FA964}"
EndProject
Project("{8BC9CEB8-8B4A-11D0-8D11-00A0C91BC942}") = "rockers", "section_3_4_rockers\rockers.vcxproj", "{09012BF5-2B79-4DF9-B407-E91BE75977DD}"
EndProject
Project("{8BC9CEB8-8B4A-11D0-8D11-00A0C91BC942}") = "heritage", "section_3_4_heritage\heritage.vcxproj", "{136E7553-03AF-420F-A3BC-7C1AD0B65818}"
EndProject
Project("{8BC9CEB8-8B4A-11D0-8D11-00A0C91BC942}") = "fence9", "section_3_4_fence9\fence9.vcxproj", "{C2A97778-9A34-4DE0-BABF-9ACF88A1255B}"
EndProject
Project("{2150E333-8FDC-42A3-9474-1A3956D46DE8}") = "section_3_4", "section_3_4", "{CC00DABB-29B1-436F-9B14-D3A0800A6CD0}"
EndProject
Project("{8BC9CEB8-8B4A-11D0-8D11-00A0C91BC942}") = "nuggets", "section_4_1_nuggets\nuggets.vcxproj", "{78DA7878-759B-4E19-B33B-011585C9A9A6}"
EndProject
Project("{2150E333-8FDC-42A3-9474-1A3956D46DE8}") = "section_4_1", "section_4_1", "{3C1BDEB5-BA32-4C1F-A2F4-50B0D4D37E7B}"
EndProject
Project("{8BC9CEB8-8B4A-11D0-8D11-00A0C91BC942}") = "fence6", "section_4_1_fence6\fence6.vcxproj", "{8E095ADF-F356-43C8-B31E-31E19308809F}"
EndProject
Global
	GlobalSection(SolutionConfigurationPlatforms) = preSolution
		Debug|x64 = Debug|x64
		Debug|x86 = Debug|x86
		Release|x64 = Release|x64
		Release|x86 = Release|x86
	EndGlobalSection
	GlobalSection(ProjectConfigurationPlatforms) = postSolution
		{2685DDCD-3D01-4DA4-86DC-2A0C5DBC4F44}.Debug|x64.ActiveCfg = Debug|x64
		{2685DDCD-3D01-4DA4-86DC-2A0C5DBC4F44}.Debug|x64.Build.0 = Debug|x64
		{2685DDCD-3D01-4DA4-86DC-2A0C5DBC4F44}.Debug|x86.ActiveCfg = Debug|Win32
		{2685DDCD-3D01-4DA4-86DC-2A0C5DBC4F44}.Debug|x86.Build.0 = Debug|Win32
		{2685DDCD-3D01-4DA4-86DC-2A0C5DBC4F44}.Release|x64.ActiveCfg = Release|x64
		{2685DDCD-3D01-4DA4-86DC-2A0C5DBC4F44}.Release|x64.Build.0 = Release|x64
		{2685DDCD-3D01-4DA4-86DC-2A0C5DBC4F44}.Release|x86.ActiveCfg = Release|Win32
		{2685DDCD-3D01-4DA4-86DC-2A0C5DBC4F44}.Release|x86.Build.0 = Release|Win32
		{15957111-EBC2-4FA1-996F-5284EAFAE0F3}.Debug|x64.ActiveCfg = Debug|x64
		{15957111-EBC2-4FA1-996F-5284EAFAE0F3}.Debug|x64.Build.0 = Debug|x64
		{15957111-EBC2-4FA1-996F-5284EAFAE0F3}.Debug|x86.ActiveCfg = Debug|Win32
		{15957111-EBC2-4FA1-996F-5284EAFAE0F3}.Debug|x86.Build.0 = Debug|Win32
		{15957111-EBC2-4FA1-996F-5284EAFAE0F3}.Release|x64.ActiveCfg = Release|x64
		{15957111-EBC2-4FA1-996F-5284EAFAE0F3}.Release|x64.Build.0 = Release|x64
		{15957111-EBC2-4FA1-996F-5284EAFAE0F3}.Release|x86.ActiveCfg = Release|Win32
		{15957111-EBC2-4FA1-996F-5284EAFAE0F3}.Release|x86.Build.0 = Release|Win32
		{3620060F-1B9F-4FFC-A94B-3CFD3594570F}.Debug|x64.ActiveCfg = Debug|x64
		{3620060F-1B9F-4FFC-A94B-3CFD3594570F}.Debug|x64.Build.0 = Debug|x64
		{3620060F-1B9F-4FFC-A94B-3CFD3594570F}.Debug|x86.ActiveCfg = Debug|Win32
		{3620060F-1B9F-4FFC-A94B-3CFD3594570F}.Debug|x86.Build.0 = Debug|Win32
		{3620060F-1B9F-4FFC-A94B-3CFD3594570F}.Release|x64.ActiveCfg = Release|x64
		{3620060F-1B9F-4FFC-A94B-3CFD3594570F}.Release|x64.Build.0 = Release|x64
		{3620060F-1B9F-4FFC-A94B-3CFD3594570F}.Release|x86.ActiveCfg = Release|Win32
		{3620060F-1B9F-4FFC-A94B-3CFD3594570F}.Release|x86.Build.0 = Release|Win32
		{15251616-9F3B-40B6-ABC7-3F49750A7742}.Debug|x64.ActiveCfg = Debug|x64
		{15251616-9F3B-40B6-ABC7-3F49750A7742}.Debug|x64.Build.0 = Debug|x64
		{15251616-9F3B-40B6-ABC7-3F49750A7742}.Debug|x86.ActiveCfg = Debug|Win32
		{15251616-9F3B-40B6-ABC7-3F49750A7742}.Debug|x86.Build.0 = Debug|Win32
		{15251616-9F3B-40B6-ABC7-3F49750A7742}.Release|x64.ActiveCfg = Release|x64
		{15251616-9F3B-40B6-ABC7-3F49750A7742}.Release|x64.Build.0 = Release|x64
		{15251616-9F3B-40B6-ABC7-3F49750A7742}.Release|x86.ActiveCfg = Release|Win32
		{15251616-9F3B-40B6-ABC7-3F49750A7742}.Release|x86.Build.0 = Release|Win32
		{8503F5C7-DB43-47A9-AA3D-F6D8F7B17B10}.Debug|x64.ActiveCfg = Debug|x64
		{8503F5C7-DB43-47A9-AA3D-F6D8F7B17B10}.Debug|x64.Build.0 = Debug|x64
		{8503F5C7-DB43-47A9-AA3D-F6D8F7B17B10}.Debug|x86.ActiveCfg = Debug|Win32
		{8503F5C7-DB43-47A9-AA3D-F6D8F7B17B10}.Debug|x86.Build.0 = Debug|Win32
		{8503F5C7-DB43-47A9-AA3D-F6D8F7B17B10}.Release|x64.ActiveCfg = Release|x64
		{8503F5C7-DB43-47A9-AA3D-F6D8F7B17B10}.Release|x64.Build.0 = Release|x64
		{8503F5C7-DB43-47A9-AA3D-F6D8F7B17B10}.Release|x86.ActiveCfg = Release|Win32
		{8503F5C7-DB43-47A9-AA3D-F6D8F7B17B10}.Release|x86.Build.0 = Release|Win32
		{63296DD4-6267-4679-A1C5-D9C60ED40D0B}.Debug|x64.ActiveCfg = Debug|x64
		{63296DD4-6267-4679-A1C5-D9C60ED40D0B}.Debug|x64.Build.0 = Debug|x64
		{63296DD4-6267-4679-A1C5-D9C60ED40D0B}.Debug|x86.ActiveCfg = Debug|Win32
		{63296DD4-6267-4679-A1C5-D9C60ED40D0B}.Debug|x86.Build.0 = Debug|Win32
		{63296DD4-6267-4679-A1C5-D9C60ED40D0B}.Release|x64.ActiveCfg = Release|x64
		{63296DD4-6267-4679-A1C5-D9C60ED40D0B}.Release|x64.Build.0 = Release|x64
		{63296DD4-6267-4679-A1C5-D9C60ED40D0B}.Release|x86.ActiveCfg = Release|Win32
		{63296DD4-6267-4679-A1C5-D9C60ED40D0B}.Release|x86.Build.0 = Release|Win32
		{E0A6B13A-DA93-488F-8958-8A7C69FD9405}.Debug|x64.ActiveCfg = Debug|x64
		{E0A6B13A-DA93-488F-8958-8A7C69FD9405}.Debug|x64.Build.0 = Debug|x64
		{E0A6B13A-DA93-488F-8958-8A7C69FD9405}.Debug|x86.ActiveCfg = Debug|Win32
		{E0A6B13A-DA93-488F-8958-8A7C69FD9405}.Debug|x86.Build.0 = Debug|Win32
		{E0A6B13A-DA93-488F-8958-8A7C69FD9405}.Release|x64.ActiveCfg = Release|x64
		{E0A6B13A-DA93-488F-8958-8A7C69FD9405}.Release|x64.Build.0 = Release|x64
		{E0A6B13A-DA93-488F-8958-8A7C69FD9405}.Release|x86.ActiveCfg = Release|Win32
		{E0A6B13A-DA93-488F-8958-8A7C69FD9405}.Release|x86.Build.0 = Release|Win32
		{B4C6F7F9-B119-4C2F-B8CD-14A0A61700F5}.Debug|x64.ActiveCfg = Debug|x64
		{B4C6F7F9-B119-4C2F-B8CD-14A0A61700F5}.Debug|x64.Build.0 = Debug|x64
		{B4C6F7F9-B119-4C2F-B8CD-14A0A61700F5}.Debug|x86.ActiveCfg = Debug|Win32
		{B4C6F7F9-B119-4C2F-B8CD-14A0A61700F5}.Debug|x86.Build.0 = Debug|Win32
		{B4C6F7F9-B119-4C2F-B8CD-14A0A61700F5}.Release|x64.ActiveCfg = Release|x64
		{B4C6F7F9-B119-4C2F-B8CD-14A0A61700F5}.Release|x64.Build.0 = Release|x64
		{B4C6F7F9-B119-4C2F-B8CD-14A0A61700F5}.Release|x86.ActiveCfg = Release|Win32
		{B4C6F7F9-B119-4C2F-B8CD-14A0A61700F5}.Release|x86.Build.0 = Release|Win32
		{581C5761-B341-4B39-8D6E-D15B7752920B}.Debug|x64.ActiveCfg = Debug|x64
		{581C5761-B341-4B39-8D6E-D15B7752920B}.Debug|x64.Build.0 = Debug|x64
		{581C5761-B341-4B39-8D6E-D15B7752920B}.Debug|x86.ActiveCfg = Debug|Win32
		{581C5761-B341-4B39-8D6E-D15B7752920B}.Debug|x86.Build.0 = Debug|Win32
		{581C5761-B341-4B39-8D6E-D15B7752920B}.Release|x64.ActiveCfg = Release|x64
		{581C5761-B341-4B39-8D6E-D15B7752920B}.Release|x64.Build.0 = Release|x64
		{581C5761-B341-4B39-8D6E-D15B7752920B}.Release|x86.ActiveCfg = Release|Win32
		{581C5761-B341-4B39-8D6E-D15B7752920B}.Release|x86.Build.0 = Release|Win32
		{82397972-7CBC-409A-83AF-93C737938CD0}.Debug|x64.ActiveCfg = Debug|x64
		{82397972-7CBC-409A-83AF-93C737938CD0}.Debug|x64.Build.0 = Debug|x64
		{82397972-7CBC-409A-83AF-93C737938CD0}.Debug|x86.ActiveCfg = Debug|Win32
		{82397972-7CBC-409A-83AF-93C737938CD0}.Debug|x86.Build.0 = Debug|Win32
		{82397972-7CBC-409A-83AF-93C737938CD0}.Release|x64.ActiveCfg = Release|x64
		{82397972-7CBC-409A-83AF-93C737938CD0}.Release|x64.Build.0 = Release|x64
		{82397972-7CBC-409A-83AF-93C737938CD0}.Release|x86.ActiveCfg = Release|Win32
		{82397972-7CBC-409A-83AF-93C737938CD0}.Release|x86.Build.0 = Release|Win32
		{AECD674E-C284-40A6-AD04-FDFF8C1DFBCF}.Debug|x64.ActiveCfg = Debug|x64
		{AECD674E-C284-40A6-AD04-FDFF8C1DFBCF}.Debug|x64.Build.0 = Debug|x64
		{AECD674E-C284-40A6-AD04-FDFF8C1DFBCF}.Debug|x86.ActiveCfg = Debug|Win32
		{AECD674E-C284-40A6-AD04-FDFF8C1DFBCF}.Debug|x86.Build.0 = Debug|Win32
		{AECD674E-C284-40A6-AD04-FDFF8C1DFBCF}.Release|x64.ActiveCfg = Release|x64
		{AECD674E-C284-40A6-AD04-FDFF8C1DFBCF}.Release|x64.Build.0 = Release|x64
		{AECD674E-C284-40A6-AD04-FDFF8C1DFBCF}.Release|x86.ActiveCfg = Release|Win32
		{AECD674E-C284-40A6-AD04-FDFF8C1DFBCF}.Release|x86.Build.0 = Release|Win32
		{E155C221-E708-48A4-AB80-D78F424FB319}.Debug|x64.ActiveCfg = Debug|x64
		{E155C221-E708-48A4-AB80-D78F424FB319}.Debug|x64.Build.0 = Debug|x64
		{E155C221-E708-48A4-AB80-D78F424FB319}.Debug|x86.ActiveCfg = Debug|Win32
		{E155C221-E708-48A4-AB80-D78F424FB319}.Debug|x86.Build.0 = Debug|Win32
		{E155C221-E708-48A4-AB80-D78F424FB319}.Release|x64.ActiveCfg = Release|x64
		{E155C221-E708-48A4-AB80-D78F424FB319}.Release|x64.Build.0 = Release|x64
		{E155C221-E708-48A4-AB80-D78F424FB319}.Release|x86.ActiveCfg = Release|Win32
		{E155C221-E708-48A4-AB80-D78F424FB319}.Release|x86.Build.0 = Release|Win32
		{CBD8130C-B56B-4731-97D2-0BC8593F866B}.Debug|x64.ActiveCfg = Debug|x64
		{CBD8130C-B56B-4731-97D2-0BC8593F866B}.Debug|x64.Build.0 = Debug|x64
		{CBD8130C-B56B-4731-97D2-0BC8593F866B}.Debug|x86.ActiveCfg = Debug|Win32
		{CBD8130C-B56B-4731-97D2-0BC8593F866B}.Debug|x86.Build.0 = Debug|Win32
		{CBD8130C-B56B-4731-97D2-0BC8593F866B}.Release|x64.ActiveCfg = Release|x64
		{CBD8130C-B56B-4731-97D2-0BC8593F866B}.Release|x64.Build.0 = Release|x64
		{CBD8130C-B56B-4731-97D2-0BC8593F866B}.Release|x86.ActiveCfg = Release|Win32
		{CBD8130C-B56B-4731-97D2-0BC8593F866B}.Release|x86.Build.0 = Release|Win32
		{C348F9E5-1177-4AB1-AC24-713CF431DBA4}.Debug|x64.ActiveCfg = Debug|x64
		{C348F9E5-1177-4AB1-AC24-713CF431DBA4}.Debug|x64.Build.0 = Debug|x64
		{C348F9E5-1177-4AB1-AC24-713CF431DBA4}.Debug|x86.ActiveCfg = Debug|Win32
		{C348F9E5-1177-4AB1-AC24-713CF431DBA4}.Debug|x86.Build.0 = Debug|Win32
		{C348F9E5-1177-4AB1-AC24-713CF431DBA4}.Release|x64.ActiveCfg = Release|x64
		{C348F9E5-1177-4AB1-AC24-713CF431DBA4}.Release|x64.Build.0 = Release|x64
		{C348F9E5-1177-4AB1-AC24-713CF431DBA4}.Release|x86.ActiveCfg = Release|Win32
		{C348F9E5-1177-4AB1-AC24-713CF431DBA4}.Release|x86.Build.0 = Release|Win32
		{CA2E2226-8C78-4F12-9A52-570E7E6C479E}.Debug|x64.ActiveCfg = Debug|x64
		{CA2E2226-8C78-4F12-9A52-570E7E6C479E}.Debug|x64.Build.0 = Debug|x64
		{CA2E2226-8C78-4F12-9A52-570E7E6C479E}.Debug|x86.ActiveCfg = Debug|Win32
		{CA2E2226-8C78-4F12-9A52-570E7E6C479E}.Debug|x86.Build.0 = Debug|Win32
		{CA2E2226-8C78-4F12-9A52-570E7E6C479E}.Release|x64.ActiveCfg = Release|x64
		{CA2E2226-8C78-4F12-9A52-570E7E6C479E}.Release|x64.Build.0 = Release|x64
		{CA2E2226-8C78-4F12-9A52-570E7E6C479E}.Release|x86.ActiveCfg = Release|Win32
		{CA2E2226-8C78-4F12-9A52-570E7E6C479E}.Release|x86.Build.0 = Release|Win32
		{6A570835-9BDB-4E14-A6B9-6A34B027F643}.Debug|x64.ActiveCfg = Debug|x64
		{6A570835-9BDB-4E14-A6B9-6A34B027F643}.Debug|x64.Build.0 = Debug|x64
		{6A570835-9BDB-4E14-A6B9-6A34B027F643}.Debug|x86.ActiveCfg = Debug|Win32
		{6A570835-9BDB-4E14-A6B9-6A34B027F643}.Debug|x86.Build.0 = Debug|Win32
		{6A570835-9BDB-4E14-A6B9-6A34B027F643}.Release|x64.ActiveCfg = Release|x64
		{6A570835-9BDB-4E14-A6B9-6A34B027F643}.Release|x64.Build.0 = Release|x64
		{6A570835-9BDB-4E14-A6B9-6A34B027F643}.Release|x86.ActiveCfg = Release|Win32
		{6A570835-9BDB-4E14-A6B9-6A34B027F643}.Release|x86.Build.0 = Release|Win32
		{4FB2F17B-AA00-4521-A7A0-B5131A0E4CE1}.Debug|x64.ActiveCfg = Debug|x64
		{4FB2F17B-AA00-4521-A7A0-B5131A0E4CE1}.Debug|x64.Build.0 = Debug|x64
		{4FB2F17B-AA00-4521-A7A0-B5131A0E4CE1}.Debug|x86.ActiveCfg = Debug|Win32
		{4FB2F17B-AA00-4521-A7A0-B5131A0E4CE1}.Debug|x86.Build.0 = Debug|Win32
		{4FB2F17B-AA00-4521-A7A0-B5131A0E4CE1}.Release|x64.ActiveCfg = Release|x64
		{4FB2F17B-AA00-4521-A7A0-B5131A0E4CE1}.Release|x64.Build.0 = Release|x64
		{4FB2F17B-AA00-4521-A7A0-B5131A0E4CE1}.Release|x86.ActiveCfg = Release|Win32
		{4FB2F17B-AA00-4521-A7A0-B5131A0E4CE1}.Release|x86.Build.0 = Release|Win32
		{1621E674-FB66-4359-9CBC-283807551824}.Debug|x64.ActiveCfg = Debug|x64
		{1621E674-FB66-4359-9CBC-283807551824}.Debug|x64.Build.0 = Debug|x64
		{1621E674-FB66-4359-9CBC-283807551824}.Debug|x86.ActiveCfg = Debug|Win32
		{1621E674-FB66-4359-9CBC-283807551824}.Debug|x86.Build.0 = Debug|Win32
		{1621E674-FB66-4359-9CBC-283807551824}.Release|x64.ActiveCfg = Release|x64
		{1621E674-FB66-4359-9CBC-283807551824}.Release|x64.Build.0 = Release|x64
		{1621E674-FB66-4359-9CBC-283807551824}.Release|x86.ActiveCfg = Release|Win32
		{1621E674-FB66-4359-9CBC-283807551824}.Release|x86.Build.0 = Release|Win32
		{A50B9B73-251A-49FF-92B3-083B56FD3D38}.Debug|x64.ActiveCfg = Debug|x64
		{A50B9B73-251A-49FF-92B3-083B56FD3D38}.Debug|x64.Build.0 = Debug|x64
		{A50B9B73-251A-49FF-92B3-083B56FD3D38}.Debug|x86.ActiveCfg = Debug|Win32
		{A50B9B73-251A-49FF-92B3-083B56FD3D38}.Debug|x86.Build.0 = Debug|Win32
		{A50B9B73-251A-49FF-92B3-083B56FD3D38}.Release|x64.ActiveCfg = Release|x64
		{A50B9B73-251A-49FF-92B3-083B56FD3D38}.Release|x64.Build.0 = Release|x64
		{A50B9B73-251A-49FF-92B3-083B56FD3D38}.Release|x86.ActiveCfg = Release|Win32
		{A50B9B73-251A-49FF-92B3-083B56FD3D38}.Release|x86.Build.0 = Release|Win32
		{6539F218-5D7E-4E85-8594-CD47AB1C0AC6}.Debug|x64.ActiveCfg = Debug|x64
		{6539F218-5D7E-4E85-8594-CD47AB1C0AC6}.Debug|x64.Build.0 = Debug|x64
		{6539F218-5D7E-4E85-8594-CD47AB1C0AC6}.Debug|x86.ActiveCfg = Debug|Win32
		{6539F218-5D7E-4E85-8594-CD47AB1C0AC6}.Debug|x86.Build.0 = Debug|Win32
		{6539F218-5D7E-4E85-8594-CD47AB1C0AC6}.Release|x64.ActiveCfg = Release|x64
		{6539F218-5D7E-4E85-8594-CD47AB1C0AC6}.Release|x64.Build.0 = Release|x64
		{6539F218-5D7E-4E85-8594-CD47AB1C0AC6}.Release|x86.ActiveCfg = Release|Win32
		{6539F218-5D7E-4E85-8594-CD47AB1C0AC6}.Release|x86.Build.0 = Release|Win32
		{16D1E65C-74C6-4483-8445-D53BAFFF0F5B}.Debug|x64.ActiveCfg = Debug|x64
		{16D1E65C-74C6-4483-8445-D53BAFFF0F5B}.Debug|x64.Build.0 = Debug|x64
		{16D1E65C-74C6-4483-8445-D53BAFFF0F5B}.Debug|x86.ActiveCfg = Debug|Win32
		{16D1E65C-74C6-4483-8445-D53BAFFF0F5B}.Debug|x86.Build.0 = Debug|Win32
		{16D1E65C-74C6-4483-8445-D53BAFFF0F5B}.Release|x64.ActiveCfg = Release|x64
		{16D1E65C-74C6-4483-8445-D53BAFFF0F5B}.Release|x64.Build.0 = Release|x64
		{16D1E65C-74C6-4483-8445-D53BAFFF0F5B}.Release|x86.ActiveCfg = Release|Win32
		{16D1E65C-74C6-4483-8445-D53BAFFF0F5B}.Release|x86.Build.0 = Release|Win32
		{72070875-3EBF-4ECB-8575-1C6413D9181C}.Debug|x64.ActiveCfg = Debug|x64
		{72070875-3EBF-4ECB-8575-1C6413D9181C}.Debug|x64.Build.0 = Debug|x64
		{72070875-3EBF-4ECB-8575-1C6413D9181C}.Debug|x86.ActiveCfg = Debug|Win32
		{72070875-3EBF-4ECB-8575-1C6413D9181C}.Debug|x86.Build.0 = Debug|Win32
		{72070875-3EBF-4ECB-8575-1C6413D9181C}.Release|x64.ActiveCfg = Release|x64
		{72070875-3EBF-4ECB-8575-1C6413D9181C}.Release|x64.Build.0 = Release|x64
		{72070875-3EBF-4ECB-8575-1C6413D9181C}.Release|x86.ActiveCfg = Release|Win32
		{72070875-3EBF-4ECB-8575-1C6413D9181C}.Release|x86.Build.0 = Release|Win32
		{E6635D02-7065-46D7-9173-61FD655D0EDE}.Debug|x64.ActiveCfg = Debug|x64
		{E6635D02-7065-46D7-9173-61FD655D0EDE}.Debug|x64.Build.0 = Debug|x64
		{E6635D02-7065-46D7-9173-61FD655D0EDE}.Debug|x86.ActiveCfg = Debug|Win32
		{E6635D02-7065-46D7-9173-61FD655D0EDE}.Debug|x86.Build.0 = Debug|Win32
		{E6635D02-7065-46D7-9173-61FD655D0EDE}.Release|x64.ActiveCfg = Release|x64
		{E6635D02-7065-46D7-9173-61FD655D0EDE}.Release|x64.Build.0 = Release|x64
		{E6635D02-7065-46D7-9173-61FD655D0EDE}.Release|x86.ActiveCfg = Release|Win32
		{E6635D02-7065-46D7-9173-61FD655D0EDE}.Release|x86.Build.0 = Release|Win32
		{1871EB04-C34A-48EF-83DB-BF9F82DFACC0}.Debug|x64.ActiveCfg = Debug|x64
		{1871EB04-C34A-48EF-83DB-BF9F82DFACC0}.Debug|x64.Build.0 = Debug|x64
		{1871EB04-C34A-48EF-83DB-BF9F82DFACC0}.Debug|x86.ActiveCfg = Debug|Win32
		{1871EB04-C34A-48EF-83DB-BF9F82DFACC0}.Debug|x86.Build.0 = Debug|Win32
		{1871EB04-C34A-48EF-83DB-BF9F82DFACC0}.Release|x64.ActiveCfg = Release|x64
		{1871EB04-C34A-48EF-83DB-BF9F82DFACC0}.Release|x64.Build.0 = Release|x64
		{1871EB04-C34A-48EF-83DB-BF9F82DFACC0}.Release|x86.ActiveCfg = Release|Win32
		{1871EB04-C34A-48EF-83DB-BF9F82DFACC0}.Release|x86.Build.0 = Release|Win32
		{1312C6B7-6B64-4300-98B1-A186E652C2DF}.Debug|x64.ActiveCfg = Debug|x64
		{1312C6B7-6B64-4300-98B1-A186E652C2DF}.Debug|x64.Build.0 = Debug|x64
		{1312C6B7-6B64-4300-98B1-A186E652C2DF}.Debug|x86.ActiveCfg = Debug|Win32
		{1312C6B7-6B64-4300-98B1-A186E652C2DF}.Debug|x86.Build.0 = Debug|Win32
		{1312C6B7-6B64-4300-98B1-A186E652C2DF}.Release|x64.ActiveCfg = Release|x64
		{1312C6B7-6B64-4300-98B1-A186E652C2DF}.Release|x64.Build.0 = Release|x64
		{1312C6B7-6B64-4300-98B1-A186E652C2DF}.Release|x86.ActiveCfg = Release|Win32
		{1312C6B7-6B64-4300-98B1-A186E652C2DF}.Release|x86.Build.0 = Release|Win32
		{2CE536F0-1785-4B5F-9B25-F731B8D63C23}.Debug|x64.ActiveCfg = Debug|x64
		{2CE536F0-1785-4B5F-9B25-F731B8D63C23}.Debug|x64.Build.0 = Debug|x64
		{2CE536F0-1785-4B5F-9B25-F731B8D63C23}.Debug|x86.ActiveCfg = Debug|Win32
		{2CE536F0-1785-4B5F-9B25-F731B8D63C23}.Debug|x86.Build.0 = Debug|Win32
		{2CE536F0-1785-4B5F-9B25-F731B8D63C23}.Release|x64.ActiveCfg = Release|x64
		{2CE536F0-1785-4B5F-9B25-F731B8D63C23}.Release|x64.Build.0 = Release|x64
		{2CE536F0-1785-4B5F-9B25-F731B8D63C23}.Release|x86.ActiveCfg = Release|Win32
		{2CE536F0-1785-4B5F-9B25-F731B8D63C23}.Release|x86.Build.0 = Release|Win32
		{F6E11F0A-C3FC-4108-9902-FBC6FF0A31F1}.Debug|x64.ActiveCfg = Debug|x64
		{F6E11F0A-C3FC-4108-9902-FBC6FF0A31F1}.Debug|x64.Build.0 = Debug|x64
		{F6E11F0A-C3FC-4108-9902-FBC6FF0A31F1}.Debug|x86.ActiveCfg = Debug|Win32
		{F6E11F0A-C3FC-4108-9902-FBC6FF0A31F1}.Debug|x86.Build.0 = Debug|Win32
		{F6E11F0A-C3FC-4108-9902-FBC6FF0A31F1}.Release|x64.ActiveCfg = Release|x64
		{F6E11F0A-C3FC-4108-9902-FBC6FF0A31F1}.Release|x64.Build.0 = Release|x64
		{F6E11F0A-C3FC-4108-9902-FBC6FF0A31F1}.Release|x86.ActiveCfg = Release|Win32
		{F6E11F0A-C3FC-4108-9902-FBC6FF0A31F1}.Release|x86.Build.0 = Release|Win32
		{4626E872-6DCC-4BE7-B47B-553318E264D3}.Debug|x64.ActiveCfg = Debug|x64
		{4626E872-6DCC-4BE7-B47B-553318E264D3}.Debug|x64.Build.0 = Debug|x64
		{4626E872-6DCC-4BE7-B47B-553318E264D3}.Debug|x86.ActiveCfg = Debug|Win32
		{4626E872-6DCC-4BE7-B47B-553318E264D3}.Debug|x86.Build.0 = Debug|Win32
		{4626E872-6DCC-4BE7-B47B-553318E264D3}.Release|x64.ActiveCfg = Release|x64
		{4626E872-6DCC-4BE7-B47B-553318E264D3}.Release|x64.Build.0 = Release|x64
		{4626E872-6DCC-4BE7-B47B-553318E264D3}.Release|x86.ActiveCfg = Release|Win32
		{4626E872-6DCC-4BE7-B47B-553318E264D3}.Release|x86.Build.0 = Release|Win32
		{E94FA340-C2B5-4B9A-9281-A01B7BCF648E}.Debug|x64.ActiveCfg = Debug|x64
		{E94FA340-C2B5-4B9A-9281-A01B7BCF648E}.Debug|x64.Build.0 = Debug|x64
		{E94FA340-C2B5-4B9A-9281-A01B7BCF648E}.Debug|x86.ActiveCfg = Debug|Win32
		{E94FA340-C2B5-4B9A-9281-A01B7BCF648E}.Debug|x86.Build.0 = Debug|Win32
		{E94FA340-C2B5-4B9A-9281-A01B7BCF648E}.Release|x64.ActiveCfg = Release|x64
		{E94FA340-C2B5-4B9A-9281-A01B7BCF648E}.Release|x64.Build.0 = Release|x64
		{E94FA340-C2B5-4B9A-9281-A01B7BCF648E}.Release|x86.ActiveCfg = Release|Win32
		{E94FA340-C2B5-4B9A-9281-A01B7BCF648E}.Release|x86.Build.0 = Release|Win32
		{FB374A42-2DEF-4523-ACD1-64EE637AD626}.Debug|x64.ActiveCfg = Debug|x64
		{FB374A42-2DEF-4523-ACD1-64EE637AD626}.Debug|x64.Build.0 = Debug|x64
		{FB374A42-2DEF-4523-ACD1-64EE637AD626}.Debug|x86.ActiveCfg = Debug|Win32
		{FB374A42-2DEF-4523-ACD1-64EE637AD626}.Debug|x86.Build.0 = Debug|Win32
		{FB374A42-2DEF-4523-ACD1-64EE637AD626}.Release|x64.ActiveCfg = Release|x64
		{FB374A42-2DEF-4523-ACD1-64EE637AD626}.Release|x64.Build.0 = Release|x64
		{FB374A42-2DEF-4523-ACD1-64EE637AD626}.Release|x86.ActiveCfg = Release|Win32
		{FB374A42-2DEF-4523-ACD1-64EE637AD626}.Release|x86.Build.0 = Release|Win32
		{E4A593C7-0109-41B4-A331-4E984DD3B2D8}.Debug|x64.ActiveCfg = Debug|x64
		{E4A593C7-0109-41B4-A331-4E984DD3B2D8}.Debug|x64.Build.0 = Debug|x64
		{E4A593C7-0109-41B4-A331-4E984DD3B2D8}.Debug|x86.ActiveCfg = Debug|Win32
		{E4A593C7-0109-41B4-A331-4E984DD3B2D8}.Debug|x86.Build.0 = Debug|Win32
		{E4A593C7-0109-41B4-A331-4E984DD3B2D8}.Release|x64.ActiveCfg = Release|x64
		{E4A593C7-0109-41B4-A331-4E984DD3B2D8}.Release|x64.Build.0 = Release|x64
		{E4A593C7-0109-41B4-A331-4E984DD3B2D8}.Release|x86.ActiveCfg = Release|Win32
		{E4A593C7-0109-41B4-A331-4E984DD3B2D8}.Release|x86.Build.0 = Release|Win32
		{58B6DBD7-DCA0-45FB-9264-04F0BB7E3241}.Debug|x64.ActiveCfg = Debug|x64
		{58B6DBD7-DCA0-45FB-9264-04F0BB7E3241}.Debug|x64.Build.0 = Debug|x64
		{58B6DBD7-DCA0-45FB-9264-04F0BB7E3241}.Debug|x86.ActiveCfg = Debug|Win32
		{58B6DBD7-DCA0-45FB-9264-04F0BB7E3241}.Debug|x86.Build.0 = Debug|Win32
		{58B6DBD7-DCA0-45FB-9264-04F0BB7E3241}.Release|x64.ActiveCfg = Release|x64
		{58B6DBD7-DCA0-45FB-9264-04F0BB7E3241}.Release|x64.Build.0 = Release|x64
		{58B6DBD7-DCA0-45FB-9264-04F0BB7E3241}.Release|x86.ActiveCfg = Release|Win32
		{58B6DBD7-DCA0-45FB-9264-04F0BB7E3241}.Release|x86.Build.0 = Release|Win32
		{36E9C730-430F-4796-ACF5-48E9AC54AC40}.Debug|x64.ActiveCfg = Debug|x64
		{36E9C730-430F-4796-ACF5-48E9AC54AC40}.Debug|x64.Build.0 = Debug|x64
		{36E9C730-430F-4796-ACF5-48E9AC54AC40}.Debug|x86.ActiveCfg = Debug|Win32
		{36E9C730-430F-4796-ACF5-48E9AC54AC40}.Debug|x86.Build.0 = Debug|Win32
		{36E9C730-430F-4796-ACF5-48E9AC54AC40}.Release|x64.ActiveCfg = Release|x64
		{36E9C730-430F-4796-ACF5-48E9AC54AC40}.Release|x64.Build.0 = Release|x64
		{36E9C730-430F-4796-ACF5-48E9AC54AC40}.Release|x86.ActiveCfg = Release|Win32
		{36E9C730-430F-4796-ACF5-48E9AC54AC40}.Release|x86.Build.0 = Release|Win32
		{F52E2EB4-B0D2-4B41-9EAA-6C136C56153F}.Debug|x64.ActiveCfg = Debug|x64
		{F52E2EB4-B0D2-4B41-9EAA-6C136C56153F}.Debug|x64.Build.0 = Debug|x64
		{F52E2EB4-B0D2-4B41-9EAA-6C136C56153F}.Debug|x86.ActiveCfg = Debug|Win32
		{F52E2EB4-B0D2-4B41-9EAA-6C136C56153F}.Debug|x86.Build.0 = Debug|Win32
		{F52E2EB4-B0D2-4B41-9EAA-6C136C56153F}.Release|x64.ActiveCfg = Release|x64
		{F52E2EB4-B0D2-4B41-9EAA-6C136C56153F}.Release|x64.Build.0 = Release|x64
		{F52E2EB4-B0D2-4B41-9EAA-6C136C56153F}.Release|x86.ActiveCfg = Release|Win32
		{F52E2EB4-B0D2-4B41-9EAA-6C136C56153F}.Release|x86.Build.0 = Release|Win32
		{28534D76-FC81-4993-99FD-A8F9FFCFD30A}.Debug|x64.ActiveCfg = Debug|x64
		{28534D76-FC81-4993-99FD-A8F9FFCFD30A}.Debug|x64.Build.0 = Debug|x64
		{28534D76-FC81-4993-99FD-A8F9FFCFD30A}.Debug|x86.ActiveCfg = Debug|Win32
		{28534D76-FC81-4993-99FD-A8F9FFCFD30A}.Debug|x86.Build.0 = Debug|Win32
		{28534D76-FC81-4993-99FD-A8F9FFCFD30A}.Release|x64.ActiveCfg = Release|x64
		{28534D76-FC81-4993-99FD-A8F9FFCFD30A}.Release|x64.Build.0 = Release|x64
		{28534D76-FC81-4993-99FD-A8F9FFCFD30A}.Release|x86.ActiveCfg = Release|Win32
		{28534D76-FC81-4993-99FD-A8F9FFCFD30A}.Release|x86.Build.0 = Release|Win32
		{3C322787-EF2C-427B-8A90-70C584CBD47B}.Debug|x64.ActiveCfg = Debug|x64
		{3C322787-EF2C-427B-8A90-70C584CBD47B}.Debug|x64.Build.0 = Debug|x64
		{3C322787-EF2C-427B-8A90-70C584CBD47B}.Debug|x86.ActiveCfg = Debug|Win32
		{3C322787-EF2C-427B-8A90-70C584CBD47B}.Debug|x86.Build.0 = Debug|Win32
		{3C322787-EF2C-427B-8A90-70C584CBD47B}.Release|x64.ActiveCfg = Release|x64
		{3C322787-EF2C-427B-8A90-70C584CBD47B}.Release|x64.Build.0 = Release|x64
		{3C322787-EF2C-427B-8A90-70C584CBD47B}.Release|x86.ActiveCfg = Release|Win32
		{3C322787-EF2C-427B-8A90-70C584CBD47B}.Release|x86.Build.0 = Release|Win32
		{F5DCD1E8-9787-4293-A026-3EDA04C7967C}.Debug|x64.ActiveCfg = Debug|x64
		{F5DCD1E8-9787-4293-A026-3EDA04C7967C}.Debug|x64.Build.0 = Debug|x64
		{F5DCD1E8-9787-4293-A026-3EDA04C7967C}.Debug|x86.ActiveCfg = Debug|Win32
		{F5DCD1E8-9787-4293-A026-3EDA04C7967C}.Debug|x86.Build.0 = Debug|Win32
		{F5DCD1E8-9787-4293-A026-3EDA04C7967C}.Release|x64.ActiveCfg = Release|x64
		{F5DCD1E8-9787-4293-A026-3EDA04C7967C}.Release|x64.Build.0 = Release|x64
		{F5DCD1E8-9787-4293-A026-3EDA04C7967C}.Release|x86.ActiveCfg = Release|Win32
		{F5DCD1E8-9787-4293-A026-3EDA04C7967C}.Release|x86.Build.0 = Release|Win32
		{16C29A84-715D-4945-A377-0C657F67CD8C}.Debug|x64.ActiveCfg = Debug|x64
		{16C29A84-715D-4945-A377-0C657F67CD8C}.Debug|x64.Build.0 = Debug|x64
		{16C29A84-715D-4945-A377-0C657F67CD8C}.Debug|x86.ActiveCfg = Debug|Win32
		{16C29A84-715D-4945-A377-0C657F67CD8C}.Debug|x86.Build.0 = Debug|Win32
		{16C29A84-715D-4945-A377-0C657F67CD8C}.Release|x64.ActiveCfg = Release|x64
		{16C29A84-715D-4945-A377-0C657F67CD8C}.Release|x64.Build.0 = Release|x64
		{16C29A84-715D-4945-A377-0C657F67CD8C}.Release|x86.ActiveCfg = Release|Win32
		{16C29A84-715D-4945-A377-0C657F67CD8C}.Release|x86.Build.0 = Release|Win32
		{BBEF0B4C-5B5D-4FC7-AC12-CF5AD2E91895}.Debug|x64.ActiveCfg = Debug|x64
		{BBEF0B4C-5B5D-4FC7-AC12-CF5AD2E91895}.Debug|x64.Build.0 = Debug|x64
		{BBEF0B4C-5B5D-4FC7-AC12-CF5AD2E91895}.Debug|x86.ActiveCfg = Debug|Win32
		{BBEF0B4C-5B5D-4FC7-AC12-CF5AD2E91895}.Debug|x86.Build.0 = Debug|Win32
		{BBEF0B4C-5B5D-4FC7-AC12-CF5AD2E91895}.Release|x64.ActiveCfg = Release|x64
		{BBEF0B4C-5B5D-4FC7-AC12-CF5AD2E91895}.Release|x64.Build.0 = Release|x64
		{BBEF0B4C-5B5D-4FC7-AC12-CF5AD2E91895}.Release|x86.ActiveCfg = Release|Win32
		{BBEF0B4C-5B5D-4FC7-AC12-CF5AD2E91895}.Release|x86.Build.0 = Release|Win32
		{7377D605-B592-470B-B065-E25A7CAB1129}.Debug|x64.ActiveCfg = Debug|x64
		{7377D605-B592-470B-B065-E25A7CAB1129}.Debug|x64.Build.0 = Debug|x64
		{7377D605-B592-470B-B065-E25A7CAB1129}.Debug|x86.ActiveCfg = Debug|Win32
		{7377D605-B592-470B-B065-E25A7CAB1129}.Debug|x86.Build.0 = Debug|Win32
		{7377D605-B592-470B-B065-E25A7CAB1129}.Release|x64.ActiveCfg = Release|x64
		{7377D605-B592-470B-B065-E25A7CAB1129}.Release|x64.Build.0 = Release|x64
		{7377D605-B592-470B-B065-E25A7CAB1129}.Release|x86.ActiveCfg = Release|Win32
		{7377D605-B592-470B-B065-E25A7CAB1129}.Release|x86.Build.0 = Release|Win32
		{2DD5EB26-B396-45BE-9D9E-24D63C6483B9}.Debug|x64.ActiveCfg = Debug|x64
		{2DD5EB26-B396-45BE-9D9E-24D63C6483B9}.Debug|x64.Build.0 = Debug|x64
		{2DD5EB26-B396-45BE-9D9E-24D63C6483B9}.Debug|x86.ActiveCfg = Debug|Win32
		{2DD5EB26-B396-45BE-9D9E-24D63C6483B9}.Debug|x86.Build.0 = Debug|Win32
		{2DD5EB26-B396-45BE-9D9E-24D63C6483B9}.Release|x64.ActiveCfg = Release|x64
		{2DD5EB26-B396-45BE-9D9E-24D63C6483B9}.Release|x64.Build.0 = Release|x64
		{2DD5EB26-B396-45BE-9D9E-24D63C6483B9}.Release|x86.ActiveCfg = Release|Win32
		{2DD5EB26-B396-45BE-9D9E-24D63C6483B9}.Release|x86.Build.0 = Release|Win32
		{5565FD85-190D-4AA2-8859-08C97DE5C753}.Debug|x64.ActiveCfg = Debug|x64
		{5565FD85-190D-4AA2-8859-08C97DE5C753}.Debug|x64.Build.0 = Debug|x64
		{5565FD85-190D-4AA2-8859-08C97DE5C753}.Debug|x86.ActiveCfg = Debug|Win32
		{5565FD85-190D-4AA2-8859-08C97DE5C753}.Debug|x86.Build.0 = Debug|Win32
		{5565FD85-190D-4AA2-8859-08C97DE5C753}.Release|x64.ActiveCfg = Release|x64
		{5565FD85-190D-4AA2-8859-08C97DE5C753}.Release|x64.Build.0 = Release|x64
		{5565FD85-190D-4AA2-8859-08C97DE5C753}.Release|x86.ActiveCfg = Release|Win32
		{5565FD85-190D-4AA2-8859-08C97DE5C753}.Release|x86.Build.0 = Release|Win32
		{2E33A568-B777-4B30-BC15-A6C480C306E6}.Debug|x64.ActiveCfg = Debug|x64
		{2E33A568-B777-4B30-BC15-A6C480C306E6}.Debug|x64.Build.0 = Debug|x64
		{2E33A568-B777-4B30-BC15-A6C480C306E6}.Debug|x86.ActiveCfg = Debug|Win32
		{2E33A568-B777-4B30-BC15-A6C480C306E6}.Debug|x86.Build.0 = Debug|Win32
		{2E33A568-B777-4B30-BC15-A6C480C306E6}.Release|x64.ActiveCfg = Release|x64
		{2E33A568-B777-4B30-BC15-A6C480C306E6}.Release|x64.Build.0 = Release|x64
		{2E33A568-B777-4B30-BC15-A6C480C306E6}.Release|x86.ActiveCfg = Release|Win32
		{2E33A568-B777-4B30-BC15-A6C480C306E6}.Release|x86.Build.0 = Release|Win32
		{CC747D3A-DA03-4EAE-9CC2-46E75AA7ED5E}.Debug|x64.ActiveCfg = Debug|x64
		{CC747D3A-DA03-4EAE-9CC2-46E75AA7ED5E}.Debug|x64.Build.0 = Debug|x64
		{CC747D3A-DA03-4EAE-9CC2-46E75AA7ED5E}.Debug|x86.ActiveCfg = Debug|Win32
		{CC747D3A-DA03-4EAE-9CC2-46E75AA7ED5E}.Debug|x86.Build.0 = Debug|Win32
		{CC747D3A-DA03-4EAE-9CC2-46E75AA7ED5E}.Release|x64.ActiveCfg = Release|x64
		{CC747D3A-DA03-4EAE-9CC2-46E75AA7ED5E}.Release|x64.Build.0 = Release|x64
		{CC747D3A-DA03-4EAE-9CC2-46E75AA7ED5E}.Release|x86.ActiveCfg = Release|Win32
		{CC747D3A-DA03-4EAE-9CC2-46E75AA7ED5E}.Release|x86.Build.0 = Release|Win32
		{B73EBC78-1BB7-4DE4-BCBE-E68B727BBACB}.Debug|x64.ActiveCfg = Debug|x64
		{B73EBC78-1BB7-4DE4-BCBE-E68B727BBACB}.Debug|x64.Build.0 = Debug|x64
		{B73EBC78-1BB7-4DE4-BCBE-E68B727BBACB}.Debug|x86.ActiveCfg = Debug|Win32
		{B73EBC78-1BB7-4DE4-BCBE-E68B727BBACB}.Debug|x86.Build.0 = Debug|Win32
		{B73EBC78-1BB7-4DE4-BCBE-E68B727BBACB}.Release|x64.ActiveCfg = Release|x64
		{B73EBC78-1BB7-4DE4-BCBE-E68B727BBACB}.Release|x64.Build.0 = Release|x64
		{B73EBC78-1BB7-4DE4-BCBE-E68B727BBACB}.Release|x86.ActiveCfg = Release|Win32
		{B73EBC78-1BB7-4DE4-BCBE-E68B727BBACB}.Release|x86.Build.0 = Release|Win32
		{3E8DB3C5-99F9-4380-AA8C-D80303151DE5}.Debug|x64.ActiveCfg = Debug|x64
		{3E8DB3C5-99F9-4380-AA8C-D80303151DE5}.Debug|x64.Build.0 = Debug|x64
		{3E8DB3C5-99F9-4380-AA8C-D80303151DE5}.Debug|x86.ActiveCfg = Debug|Win32
		{3E8DB3C5-99F9-4380-AA8C-D80303151DE5}.Debug|x86.Build.0 = Debug|Win32
		{3E8DB3C5-99F9-4380-AA8C-D80303151DE5}.Release|x64.ActiveCfg = Release|x64
		{3E8DB3C5-99F9-4380-AA8C-D80303151DE5}.Release|x64.Build.0 = Release|x64
		{3E8DB3C5-99F9-4380-AA8C-D80303151DE5}.Release|x86.ActiveCfg = Release|Win32
		{3E8DB3C5-99F9-4380-AA8C-D80303151DE5}.Release|x86.Build.0 = Release|Win32
		{8D3E6802-53B1-4572-BE83-1629DADC780E}.Debug|x64.ActiveCfg = Debug|x64
		{8D3E6802-53B1-4572-BE83-1629DADC780E}.Debug|x64.Build.0 = Debug|x64
		{8D3E6802-53B1-4572-BE83-1629DADC780E}.Debug|x86.ActiveCfg = Debug|Win32
		{8D3E6802-53B1-4572-BE83-1629DADC780E}.Debug|x86.Build.0 = Debug|Win32
		{8D3E6802-53B1-4572-BE83-1629DADC780E}.Release|x64.ActiveCfg = Release|x64
		{8D3E6802-53B1-4572-BE83-1629DADC780E}.Release|x64.Build.0 = Release|x64
		{8D3E6802-53B1-4572-BE83-1629DADC780E}.Release|x86.ActiveCfg = Release|Win32
		{8D3E6802-53B1-4572-BE83-1629DADC780E}.Release|x86.Build.0 = Release|Win32
		{7B95D702-E9C1-41A6-B86C-8C4123ED7D9D}.Debug|x64.ActiveCfg = Debug|x64
		{7B95D702-E9C1-41A6-B86C-8C4123ED7D9D}.Debug|x64.Build.0 = Debug|x64
		{7B95D702-E9C1-41A6-B86C-8C4123ED7D9D}.Debug|x86.ActiveCfg = Debug|Win32
		{7B95D702-E9C1-41A6-B86C-8C4123ED7D9D}.Debug|x86.Build.0 = Debug|Win32
		{7B95D702-E9C1-41A6-B86C-8C4123ED7D9D}.Release|x64.ActiveCfg = Release|x64
		{7B95D702-E9C1-41A6-B86C-8C4123ED7D9D}.Release|x64.Build.0 = Release|x64
		{7B95D702-E9C1-41A6-B86C-8C4123ED7D9D}.Release|x86.ActiveCfg = Release|Win32
		{7B95D702-E9C1-41A6-B86C-8C4123ED7D9D}.Release|x86.Build.0 = Release|Win32
		{A5F345D7-393D-4F41-B7AF-25507BCEB3F9}.Debug|x64.ActiveCfg = Debug|x64
		{A5F345D7-393D-4F41-B7AF-25507BCEB3F9}.Debug|x64.Build.0 = Debug|x64
		{A5F345D7-393D-4F41-B7AF-25507BCEB3F9}.Debug|x86.ActiveCfg = Debug|Win32
		{A5F345D7-393D-4F41-B7AF-25507BCEB3F9}.Debug|x86.Build.0 = Debug|Win32
		{A5F345D7-393D-4F41-B7AF-25507BCEB3F9}.Release|x64.ActiveCfg = Release|x64
		{A5F345D7-393D-4F41-B7AF-25507BCEB3F9}.Release|x64.Build.0 = Release|x64
		{A5F345D7-393D-4F41-B7AF-25507BCEB3F9}.Release|x86.ActiveCfg = Release|Win32
		{A5F345D7-393D-4F41-B7AF-25507BCEB3F9}.Release|x86.Build.0 = Release|Win32
		{F2A64B77-B942-4D38-B40E-51AE4285A0B4}.Debug|x64.ActiveCfg = Debug|x64
		{F2A64B77-B942-4D38-B40E-51AE4285A0B4}.Debug|x64.Build.0 = Debug|x64
		{F2A64B77-B942-4D38-B40E-51AE4285A0B4}.Debug|x86.ActiveCfg = Debug|Win32
		{F2A64B77-B942-4D38-B40E-51AE4285A0B4}.Debug|x86.Build.0 = Debug|Win32
		{F2A64B77-B942-4D38-B40E-51AE4285A0B4}.Release|x64.ActiveCfg = Release|x64
		{F2A64B77-B942-4D38-B40E-51AE4285A0B4}.Release|x64.Build.0 = Release|x64
		{F2A64B77-B942-4D38-B40E-51AE4285A0B4}.Release|x86.ActiveCfg = Release|Win32
		{F2A64B77-B942-4D38-B40E-51AE4285A0B4}.Release|x86.Build.0 = Release|Win32
		{ACDEF1C1-9422-4D29-9AE3-02755257CBEE}.Debug|x64.ActiveCfg = Debug|x64
		{ACDEF1C1-9422-4D29-9AE3-02755257CBEE}.Debug|x64.Build.0 = Debug|x64
		{ACDEF1C1-9422-4D29-9AE3-02755257CBEE}.Debug|x86.ActiveCfg = Debug|Win32
		{ACDEF1C1-9422-4D29-9AE3-02755257CBEE}.Debug|x86.Build.0 = Debug|Win32
		{ACDEF1C1-9422-4D29-9AE3-02755257CBEE}.Release|x64.ActiveCfg = Release|x64
		{ACDEF1C1-9422-4D29-9AE3-02755257CBEE}.Release|x64.Build.0 = Release|x64
		{ACDEF1C1-9422-4D29-9AE3-02755257CBEE}.Release|x86.ActiveCfg = Release|Win32
		{ACDEF1C1-9422-4D29-9AE3-02755257CBEE}.Release|x86.Build.0 = Release|Win32
		{495BF494-6EDB-4AB5-A802-294DD7B40094}.Debug|x64.ActiveCfg = Debug|x64
		{495BF494-6EDB-4AB5-A802-294DD7B40094}.Debug|x64.Build.0 = Debug|x64
		{495BF494-6EDB-4AB5-A802-294DD7B40094}.Debug|x86.ActiveCfg = Debug|Win32
		{495BF494-6EDB-4AB5-A802-294DD7B40094}.Debug|x86.Build.0 = Debug|Win32
		{495BF494-6EDB-4AB5-A802-294DD7B40094}.Release|x64.ActiveCfg = Release|x64
		{495BF494-6EDB-4AB5-A802-294DD7B40094}.Release|x64.Build.0 = Release|x64
		{495BF494-6EDB-4AB5-A802-294DD7B40094}.Release|x86.ActiveCfg = Release|Win32
		{495BF494-6EDB-4AB5-A802-294DD7B40094}.Release|x86.Build.0 = Release|Win32
		{60F47E16-DD8E-4D76-B3A0-3EC0615E7B5F}.Debug|x64.ActiveCfg = Debug|x64
		{60F47E16-DD8E-4D76-B3A0-3EC0615E7B5F}.Debug|x64.Build.0 = Debug|x64
		{60F47E16-DD8E-4D76-B3A0-3EC0615E7B5F}.Debug|x86.ActiveCfg = Debug|Win32
		{60F47E16-DD8E-4D76-B3A0-3EC0615E7B5F}.Debug|x86.Build.0 = Debug|Win32
		{60F47E16-DD8E-4D76-B3A0-3EC0615E7B5F}.Release|x64.ActiveCfg = Release|x64
		{60F47E16-DD8E-4D76-B3A0-3EC0615E7B5F}.Release|x64.Build.0 = Release|x64
		{60F47E16-DD8E-4D76-B3A0-3EC0615E7B5F}.Release|x86.ActiveCfg = Release|Win32
		{60F47E16-DD8E-4D76-B3A0-3EC0615E7B5F}.Release|x86.Build.0 = Release|Win32
		{F7674AF8-C15E-4869-9930-C2DD1E6FA964}.Debug|x64.ActiveCfg = Debug|x64
		{F7674AF8-C15E-4869-9930-C2DD1E6FA964}.Debug|x64.Build.0 = Debug|x64
		{F7674AF8-C15E-4869-9930-C2DD1E6FA964}.Debug|x86.ActiveCfg = Debug|Win32
		{F7674AF8-C15E-4869-9930-C2DD1E6FA964}.Debug|x86.Build.0 = Debug|Win32
		{F7674AF8-C15E-4869-9930-C2DD1E6FA964}.Release|x64.ActiveCfg = Release|x64
		{F7674AF8-C15E-4869-9930-C2DD1E6FA964}.Release|x64.Build.0 = Release|x64
		{F7674AF8-C15E-4869-9930-C2DD1E6FA964}.Release|x86.ActiveCfg = Release|Win32
		{F7674AF8-C15E-4869-9930-C2DD1E6FA964}.Release|x86.Build.0 = Release|Win32
		{09012BF5-2B79-4DF9-B407-E91BE75977DD}.Debug|x64.ActiveCfg = Debug|x64
		{09012BF5-2B79-4DF9-B407-E91BE75977DD}.Debug|x64.Build.0 = Debug|x64
		{09012BF5-2B79-4DF9-B407-E91BE75977DD}.Debug|x86.ActiveCfg = Debug|Win32
		{09012BF5-2B79-4DF9-B407-E91BE75977DD}.Debug|x86.Build.0 = Debug|Win32
		{09012BF5-2B79-4DF9-B407-E91BE75977DD}.Release|x64.ActiveCfg = Release|x64
		{09012BF5-2B79-4DF9-B407-E91BE75977DD}.Release|x64.Build.0 = Release|x64
		{09012BF5-2B79-4DF9-B407-E91BE75977DD}.Release|x86.ActiveCfg = Release|Win32
		{09012BF5-2B79-4DF9-B407-E91BE75977DD}.Release|x86.Build.0 = Release|Win32
		{136E7553-03AF-420F-A3BC-7C1AD0B65818}.Debug|x64.ActiveCfg = Debug|x64
		{136E7553-03AF-420F-A3BC-7C1AD0B65818}.Debug|x64.Build.0 = Debug|x64
		{136E7553-03AF-420F-A3BC-7C1AD0B65818}.Debug|x86.ActiveCfg = Debug|Win32
		{136E7553-03AF-420F-A3BC-7C1AD0B65818}.Debug|x86.Build.0 = Debug|Win32
		{136E7553-03AF-420F-A3BC-7C1AD0B65818}.Release|x64.ActiveCfg = Release|x64
		{136E7553-03AF-420F-A3BC-7C1AD0B65818}.Release|x64.Build.0 = Release|x64
		{136E7553-03AF-420F-A3BC-7C1AD0B65818}.Release|x86.ActiveCfg = Release|Win32
		{136E7553-03AF-420F-A3BC-7C1AD0B65818}.Release|x86.Build.0 = Release|Win32
		{C2A97778-9A34-4DE0-BABF-9ACF88A1255B}.Debug|x64.ActiveCfg = Debug|x64
		{C2A97778-9A34-4DE0-BABF-9ACF88A1255B}.Debug|x64.Build.0 = Debug|x64
		{C2A97778-9A34-4DE0-BABF-9ACF88A1255B}.Debug|x86.ActiveCfg = Debug|Win32
		{C2A97778-9A34-4DE0-BABF-9ACF88A1255B}.Debug|x86.Build.0 = Debug|Win32
		{C2A97778-9A34-4DE0-BABF-9ACF88A1255B}.Release|x64.ActiveCfg = Release|x64
		{C2A97778-9A34-4DE0-BABF-9ACF88A1255B}.Release|x64.Build.0 = Release|x64
		{C2A97778-9A34-4DE0-BABF-9ACF88A1255B}.Release|x86.ActiveCfg = Release|Win32
		{C2A97778-9A34-4DE0-BABF-9ACF88A1255B}.Release|x86.Build.0 = Release|Win32
		{78DA7878-759B-4E19-B33B-011585C9A9A6}.Debug|x64.ActiveCfg = Debug|x64
		{78DA7878-759B-4E19-B33B-011585C9A9A6}.Debug|x64.Build.0 = Debug|x64
		{78DA7878-759B-4E19-B33B-011585C9A9A6}.Debug|x86.ActiveCfg = Debug|Win32
		{78DA7878-759B-4E19-B33B-011585C9A9A6}.Debug|x86.Build.0 = Debug|Win32
		{78DA7878-759B-4E19-B33B-011585C9A9A6}.Release|x64.ActiveCfg = Release|x64
		{78DA7878-759B-4E19-B33B-011585C9A9A6}.Release|x64.Build.0 = Release|x64
		{78DA7878-759B-4E19-B33B-011585C9A9A6}.Release|x86.ActiveCfg = Release|Win32
		{78DA7878-759B-4E19-B33B-011585C9A9A6}.Release|x86.Build.0 = Release|Win32
		{8E095ADF-F356-43C8-B31E-31E19308809F}.Debug|x64.ActiveCfg = Debug|x64
		{8E095ADF-F356-43C8-B31E-31E19308809F}.Debug|x64.Build.0 = Debug|x64
		{8E095ADF-F356-43C8-B31E-31E19308809F}.Debug|x86.ActiveCfg = Debug|Win32
		{8E095ADF-F356-43C8-B31E-31E19308809F}.Debug|x86.Build.0 = Debug|Win32
		{8E095ADF-F356-43C8-B31E-31E19308809F}.Release|x64.ActiveCfg = Release|x64
		{8E095ADF-F356-43C8-B31E-31E19308809F}.Release|x64.Build.0 = Release|x64
		{8E095ADF-F356-43C8-B31E-31E19308809F}.Release|x86.ActiveCfg = Release|Win32
		{8E095ADF-F356-43C8-B31E-31E19308809F}.Release|x86.Build.0 = Release|Win32
	EndGlobalSection
	GlobalSection(SolutionProperties) = preSolution
		HideSolutionNode = FALSE
	EndGlobalSection
	GlobalSection(NestedProjects) = preSolution
		{2685DDCD-3D01-4DA4-86DC-2A0C5DBC4F44} = {1CB98717-9377-4E90-B37A-14B703478A16}
		{15957111-EBC2-4FA1-996F-5284EAFAE0F3} = {1CB98717-9377-4E90-B37A-14B703478A16}
		{3620060F-1B9F-4FFC-A94B-3CFD3594570F} = {85C3254D-43E4-4E7D-99C8-361B45091B91}
		{15251616-9F3B-40B6-ABC7-3F49750A7742} = {85C3254D-43E4-4E7D-99C8-361B45091B91}
		{8503F5C7-DB43-47A9-AA3D-F6D8F7B17B10} = {85C3254D-43E4-4E7D-99C8-361B45091B91}
		{63296DD4-6267-4679-A1C5-D9C60ED40D0B} = {85C3254D-43E4-4E7D-99C8-361B45091B91}
		{E0A6B13A-DA93-488F-8958-8A7C69FD9405} = {85C3254D-43E4-4E7D-99C8-361B45091B91}
		{B4C6F7F9-B119-4C2F-B8CD-14A0A61700F5} = {85C3254D-43E4-4E7D-99C8-361B45091B91}
		{581C5761-B341-4B39-8D6E-D15B7752920B} = {FC4FAA58-148B-42D9-820B-0DDD063A3180}
		{82397972-7CBC-409A-83AF-93C737938CD0} = {FC4FAA58-148B-42D9-820B-0DDD063A3180}
		{AECD674E-C284-40A6-AD04-FDFF8C1DFBCF} = {FC4FAA58-148B-42D9-820B-0DDD063A3180}
		{E155C221-E708-48A4-AB80-D78F424FB319} = {FC4FAA58-148B-42D9-820B-0DDD063A3180}
		{CBD8130C-B56B-4731-97D2-0BC8593F866B} = {FC4FAA58-148B-42D9-820B-0DDD063A3180}
		{C348F9E5-1177-4AB1-AC24-713CF431DBA4} = {FC4FAA58-148B-42D9-820B-0DDD063A3180}
		{CA2E2226-8C78-4F12-9A52-570E7E6C479E} = {A8FFBCE2-4E55-4B46-8371-1AE2E941C518}
		{6A570835-9BDB-4E14-A6B9-6A34B027F643} = {A8FFBCE2-4E55-4B46-8371-1AE2E941C518}
		{4FB2F17B-AA00-4521-A7A0-B5131A0E4CE1} = {87DDBF3E-8095-45B8-8726-A169E6BB1607}
		{1621E674-FB66-4359-9CBC-283807551824} = {87DDBF3E-8095-45B8-8726-A169E6BB1607}
		{A50B9B73-251A-49FF-92B3-083B56FD3D38} = {87DDBF3E-8095-45B8-8726-A169E6BB1607}
		{6539F218-5D7E-4E85-8594-CD47AB1C0AC6} = {889108EE-215D-45BC-A9AF-ED85052F85E2}
		{16D1E65C-74C6-4483-8445-D53BAFFF0F5B} = {889108EE-215D-45BC-A9AF-ED85052F85E2}
		{72070875-3EBF-4ECB-8575-1C6413D9181C} = {889108EE-215D-45BC-A9AF-ED85052F85E2}
		{E6635D02-7065-46D7-9173-61FD655D0EDE} = {889108EE-215D-45BC-A9AF-ED85052F85E2}
		{1871EB04-C34A-48EF-83DB-BF9F82DFACC0} = {889108EE-215D-45BC-A9AF-ED85052F85E2}
		{1312C6B7-6B64-4300-98B1-A186E652C2DF} = {3E2B35AD-C981-4C06-915F-C6EF639EF1F8}
		{2CE536F0-1785-4B5F-9B25-F731B8D63C23} = {3E2B35AD-C981-4C06-915F-C6EF639EF1F8}
		{F6E11F0A-C3FC-4108-9902-FBC6FF0A31F1} = {3E2B35AD-C981-4C06-915F-C6EF639EF1F8}
		{4626E872-6DCC-4BE7-B47B-553318E264D3} = {3E2B35AD-C981-4C06-915F-C6EF639EF1F8}
		{E94FA340-C2B5-4B9A-9281-A01B7BCF648E} = {34E48E6C-E858-42C0-9AB1-3ACDE551B15C}
		{FB374A42-2DEF-4523-ACD1-64EE637AD626} = {34E48E6C-E858-42C0-9AB1-3ACDE551B15C}
		{E4A593C7-0109-41B4-A331-4E984DD3B2D8} = {34E48E6C-E858-42C0-9AB1-3ACDE551B15C}
		{58B6DBD7-DCA0-45FB-9264-04F0BB7E3241} = {34E48E6C-E858-42C0-9AB1-3ACDE551B15C}
		{36E9C730-430F-4796-ACF5-48E9AC54AC40} = {34E48E6C-E858-42C0-9AB1-3ACDE551B15C}
		{F52E2EB4-B0D2-4B41-9EAA-6C136C56153F} = {77F3872E-F0EA-49BF-8561-80D21550EC14}
		{28534D76-FC81-4993-99FD-A8F9FFCFD30A} = {77F3872E-F0EA-49BF-8561-80D21550EC14}
		{3C322787-EF2C-427B-8A90-70C584CBD47B} = {77F3872E-F0EA-49BF-8561-80D21550EC14}
		{F5DCD1E8-9787-4293-A026-3EDA04C7967C} = {77F3872E-F0EA-49BF-8561-80D21550EC14}
		{16C29A84-715D-4945-A377-0C657F67CD8C} = {77F3872E-F0EA-49BF-8561-80D21550EC14}
		{BBEF0B4C-5B5D-4FC7-AC12-CF5AD2E91895} = {DC212149-04AF-4E42-85B4-7D7EA854CEBB}
		{7377D605-B592-470B-B065-E25A7CAB1129} = {DC212149-04AF-4E42-85B4-7D7EA854CEBB}
		{2DD5EB26-B396-45BE-9D9E-24D63C6483B9} = {DC212149-04AF-4E42-85B4-7D7EA854CEBB}
		{5565FD85-190D-4AA2-8859-08C97DE5C753} = {DC212149-04AF-4E42-85B4-7D7EA854CEBB}
		{2E33A568-B777-4B30-BC15-A6C480C306E6} = {DC212149-04AF-4E42-85B4-7D7EA854CEBB}
		{CC747D3A-DA03-4EAE-9CC2-46E75AA7ED5E} = {E322772A-108F-47FF-B038-147CAB18C4B6}
		{B73EBC78-1BB7-4DE4-BCBE-E68B727BBACB} = {E322772A-108F-47FF-B038-147CAB18C4B6}
		{3E8DB3C5-99F9-4380-AA8C-D80303151DE5} = {E322772A-108F-47FF-B038-147CAB18C4B6}
		{8D3E6802-53B1-4572-BE83-1629DADC780E} = {E322772A-108F-47FF-B038-147CAB18C4B6}
		{7B95D702-E9C1-41A6-B86C-8C4123ED7D9D} = {E322772A-108F-47FF-B038-147CAB18C4B6}
		{A5F345D7-393D-4F41-B7AF-25507BCEB3F9} = {E322772A-108F-47FF-B038-147CAB18C4B6}
		{F2A64B77-B942-4D38-B40E-51AE4285A0B4} = {73386D2D-B020-4286-A481-B7190D6EED5E}
		{ACDEF1C1-9422-4D29-9AE3-02755257CBEE} = {73386D2D-B020-4286-A481-B7190D6EED5E}
		{495BF494-6EDB-4AB5-A802-294DD7B40094} = {73386D2D-B020-4286-A481-B7190D6EED5E}
		{60F47E16-DD8E-4D76-B3A0-3EC0615E7B5F} = {73386D2D-B020-4286-A481-B7190D6EED5E}
		{F7674AF8-C15E-4869-9930-C2DD1E6FA964} = {73386D2D-B020-4286-A481-B7190D6EED5E}
		{09012BF5-2B79-4DF9-B407-E91BE75977DD} = {CC00DABB-29B1-436F-9B14-D3A0800A6CD0}
		{136E7553-03AF-420F-A3BC-7C1AD0B65818} = {CC00DABB-29B1-436F-9B14-D3A0800A6CD0}
		{C2A97778-9A34-4DE0-BABF-9ACF88A1255B} = {CC00DABB-29B1-436F-9B14-D3A0800A6CD0}
		{78DA7878-759B-4E19-B33B-011585C9A9A6} = {3C1BDEB5-BA32-4C1F-A2F4-50B0D4D37E7B}
		{8E095ADF-F356-43C8-B31E-31E19308809F} = {3C1BDEB5-BA32-4C1F-A2F4-50B0D4D37E7B}
	EndGlobalSection
	GlobalSection(ExtensibilityGlobals) = postSolution
		SolutionGuid = {9FFB901D-C4CC-4C0A-B6B8-35367EE0FF8D}
	EndGlobalSection
EndGlobal
