
Microsoft Visual Studio Solution File, Format Version 12.00
# Visual Studio Version 17
VisualStudioVersion = 17.6.33723.286
MinimumVisualStudioVersion = 10.0.40219.1
Project("{8BC9CEB8-8B4A-11D0-8D11-00A0C91BC942}") = "section_1_2_friday", "section_1_2_friday\section_1_2_friday.vcxproj", "{2685DDCD-3D01-4DA4-86DC-2A0C5DBC4F44}"
EndProject
Project("{8BC9CEB8-8B4A-11D0-8D11-00A0C91BC942}") = "beads", "section_1_2_beads\beads.vcxproj", "{15957111-EBC2-4FA1-996F-5284EAFAE0F3}"
EndProject
Project("{8BC9CEB8-8B4A-11D0-8D11-00A0C91BC942}") = "milk2", "section_1_3_milk2\milk2.vcxproj", "{3620060F-1B9F-4FFC-A94B-3CFD3594570F}"
EndProject
Project("{8BC9CEB8-8B4A-11D0-8D11-00A0C91BC942}") = "transform", "section_1_3_transform\transform.vcxproj", "{15251616-9F3B-40B6-ABC7-3F49750A7742}"
EndProject
Project("{8BC9CEB8-8B4A-11D0-8D11-00A0C91BC942}") = "namenum", "section_1_3_namenum\namenum.vcxproj", "{8503F5C7-DB43-47A9-AA3D-F6D8F7B17B10}"
EndProject
Project("{8BC9CEB8-8B4A-11D0-8D11-00A0C91BC942}") = "palsquare", "section_1_3_palsquare\palsquare.vcxproj", "{63296DD4-6267-4679-A1C5-D9C60ED40D0B}"
EndProject
Project("{8BC9CEB8-8B4A-11D0-8D11-00A0C91BC942}") = "paldual", "section_1_3_paldual\paldual.vcxproj", "{E0A6B13A-DA93-488F-8958-8A7C69FD9405}"
EndProject
Project("{8BC9CEB8-8B4A-11D0-8D11-00A0C91BC942}") = "namenum_key", "section_1_3_namenum_key\namenum_key.vcxproj", "{B4C6F7F9-B119-4C2F-B8CD-14A0A61700F5}"
EndProject
Project("{8BC9CEB8-8B4A-11D0-8D11-00A0C91BC942}") = "milk", "section_1_4_milk\milk.vcxproj", "{581C5761-B341-4B39-8D6E-D15B7752920B}"
EndProject
Project("{8BC9CEB8-8B4A-11D0-8D11-00A0C91BC942}") = "barn1", "section_1_4_barn1\barn1.vcxproj", "{82397972-7CBC-409A-83AF-93C737938CD0}"
EndProject
Project("{2150E333-8FDC-42A3-9474-1A3956D46DE8}") = "section_1_2", "section_1_2", "{1CB98717-9377-4E90-B37A-14B703478A16}"
EndProject
Project("{2150E333-8FDC-42A3-9474-1A3956D46DE8}") = "section_1_3", "section_1_3", "{85C3254D-43E4-4E7D-99C8-361B45091B91}"
EndProject
Project("{2150E333-8FDC-42A3-9474-1A3956D46DE8}") = "section_1_4", "section_1_4", "{FC4FAA58-148B-42D9-820B-0DDD063A3180}"
EndProject
Project("{8BC9CEB8-8B4A-11D0-8D11-00A0C91BC942}") = "crypt1", "section_1_4_crypt1\crypt1.vcxproj", "{AECD674E-C284-40A6-AD04-FDFF8C1DFBCF}"
EndProject
Project("{8BC9CEB8-8B4A-11D0-8D11-00A0C91BC942}") = "combo", "section_1_4_combo\combo.vcxproj", "{E155C221-E708-48A4-AB80-D78F424FB319}"
EndProject
Project("{8BC9CEB8-8B4A-11D0-8D11-00A0C91BC942}") = "wormhole", "section_1_4_wormhole\wormhole.vcxproj", "{CBD8130C-B56B-4731-97D2-0BC8593F866B}"
EndProject
Project("{8BC9CEB8-8B4A-11D0-8D11-00A0C91BC942}") = "skidesign", "section_1_4_skidesign\skidesign.vcxproj", "{C348F9E5-1177-4AB1-AC24-713CF431DBA4}"
EndProject
Global
	GlobalSection(SolutionConfigurationPlatforms) = preSolution
		Debug|x64 = Debug|x64
		Debug|x86 = Debug|x86
		Release|x64 = Release|x64
		Release|x86 = Release|x86
	EndGlobalSection
	GlobalSection(ProjectConfigurationPlatforms) = postSolution
		{2685DDCD-3D01-4DA4-86DC-2A0C5DBC4F44}.Debug|x64.ActiveCfg = Debug|x64
		{2685DDCD-3D01-4DA4-86DC-2A0C5DBC4F44}.Debug|x64.Build.0 = Debug|x64
		{2685DDCD-3D01-4DA4-86DC-2A0C5DBC4F44}.Debug|x86.ActiveCfg = Debug|Win32
		{2685DDCD-3D01-4DA4-86DC-2A0C5DBC4F44}.Debug|x86.Build.0 = Debug|Win32
		{2685DDCD-3D01-4DA4-86DC-2A0C5DBC4F44}.Release|x64.ActiveCfg = Release|x64
		{2685DDCD-3D01-4DA4-86DC-2A0C5DBC4F44}.Release|x64.Build.0 = Release|x64
		{2685DDCD-3D01-4DA4-86DC-2A0C5DBC4F44}.Release|x86.ActiveCfg = Release|Win32
		{2685DDCD-3D01-4DA4-86DC-2A0C5DBC4F44}.Release|x86.Build.0 = Release|Win32
		{15957111-EBC2-4FA1-996F-5284EAFAE0F3}.Debug|x64.ActiveCfg = Debug|x64
		{15957111-EBC2-4FA1-996F-5284EAFAE0F3}.Debug|x64.Build.0 = Debug|x64
		{15957111-EBC2-4FA1-996F-5284EAFAE0F3}.Debug|x86.ActiveCfg = Debug|Win32
		{15957111-EBC2-4FA1-996F-5284EAFAE0F3}.Debug|x86.Build.0 = Debug|Win32
		{15957111-EBC2-4FA1-996F-5284EAFAE0F3}.Release|x64.ActiveCfg = Release|x64
		{15957111-EBC2-4FA1-996F-5284EAFAE0F3}.Release|x64.Build.0 = Release|x64
		{15957111-EBC2-4FA1-996F-5284EAFAE0F3}.Release|x86.ActiveCfg = Release|Win32
		{15957111-EBC2-4FA1-996F-5284EAFAE0F3}.Release|x86.Build.0 = Release|Win32
		{3620060F-1B9F-4FFC-A94B-3CFD3594570F}.Debug|x64.ActiveCfg = Debug|x64
		{3620060F-1B9F-4FFC-A94B-3CFD3594570F}.Debug|x64.Build.0 = Debug|x64
		{3620060F-1B9F-4FFC-A94B-3CFD3594570F}.Debug|x86.ActiveCfg = Debug|Win32
		{3620060F-1B9F-4FFC-A94B-3CFD3594570F}.Debug|x86.Build.0 = Debug|Win32
		{3620060F-1B9F-4FFC-A94B-3CFD3594570F}.Release|x64.ActiveCfg = Release|x64
		{3620060F-1B9F-4FFC-A94B-3CFD3594570F}.Release|x64.Build.0 = Release|x64
		{3620060F-1B9F-4FFC-A94B-3CFD3594570F}.Release|x86.ActiveCfg = Release|Win32
		{3620060F-1B9F-4FFC-A94B-3CFD3594570F}.Release|x86.Build.0 = Release|Win32
		{15251616-9F3B-40B6-ABC7-3F49750A7742}.Debug|x64.ActiveCfg = Debug|x64
		{15251616-9F3B-40B6-ABC7-3F49750A7742}.Debug|x64.Build.0 = Debug|x64
		{15251616-9F3B-40B6-ABC7-3F49750A7742}.Debug|x86.ActiveCfg = Debug|Win32
		{15251616-9F3B-40B6-ABC7-3F49750A7742}.Debug|x86.Build.0 = Debug|Win32
		{15251616-9F3B-40B6-ABC7-3F49750A7742}.Release|x64.ActiveCfg = Release|x64
		{15251616-9F3B-40B6-ABC7-3F49750A7742}.Release|x64.Build.0 = Release|x64
		{15251616-9F3B-40B6-ABC7-3F49750A7742}.Release|x86.ActiveCfg = Release|Win32
		{15251616-9F3B-40B6-ABC7-3F49750A7742}.Release|x86.Build.0 = Release|Win32
		{8503F5C7-DB43-47A9-AA3D-F6D8F7B17B10}.Debug|x64.ActiveCfg = Debug|x64
		{8503F5C7-DB43-47A9-AA3D-F6D8F7B17B10}.Debug|x64.Build.0 = Debug|x64
		{8503F5C7-DB43-47A9-AA3D-F6D8F7B17B10}.Debug|x86.ActiveCfg = Debug|Win32
		{8503F5C7-DB43-47A9-AA3D-F6D8F7B17B10}.Debug|x86.Build.0 = Debug|Win32
		{8503F5C7-DB43-47A9-AA3D-F6D8F7B17B10}.Release|x64.ActiveCfg = Release|x64
		{8503F5C7-DB43-47A9-AA3D-F6D8F7B17B10}.Release|x64.Build.0 = Release|x64
		{8503F5C7-DB43-47A9-AA3D-F6D8F7B17B10}.Release|x86.ActiveCfg = Release|Win32
		{8503F5C7-DB43-47A9-AA3D-F6D8F7B17B10}.Release|x86.Build.0 = Release|Win32
		{63296DD4-6267-4679-A1C5-D9C60ED40D0B}.Debug|x64.ActiveCfg = Debug|x64
		{63296DD4-6267-4679-A1C5-D9C60ED40D0B}.Debug|x64.Build.0 = Debug|x64
		{63296DD4-6267-4679-A1C5-D9C60ED40D0B}.Debug|x86.ActiveCfg = Debug|Win32
		{63296DD4-6267-4679-A1C5-D9C60ED40D0B}.Debug|x86.Build.0 = Debug|Win32
		{63296DD4-6267-4679-A1C5-D9C60ED40D0B}.Release|x64.ActiveCfg = Release|x64
		{63296DD4-6267-4679-A1C5-D9C60ED40D0B}.Release|x64.Build.0 = Release|x64
		{63296DD4-6267-4679-A1C5-D9C60ED40D0B}.Release|x86.ActiveCfg = Release|Win32
		{63296DD4-6267-4679-A1C5-D9C60ED40D0B}.Release|x86.Build.0 = Release|Win32
		{E0A6B13A-DA93-488F-8958-8A7C69FD9405}.Debug|x64.ActiveCfg = Debug|x64
		{E0A6B13A-DA93-488F-8958-8A7C69FD9405}.Debug|x64.Build.0 = Debug|x64
		{E0A6B13A-DA93-488F-8958-8A7C69FD9405}.Debug|x86.ActiveCfg = Debug|Win32
		{E0A6B13A-DA93-488F-8958-8A7C69FD9405}.Debug|x86.Build.0 = Debug|Win32
		{E0A6B13A-DA93-488F-8958-8A7C69FD9405}.Release|x64.ActiveCfg = Release|x64
		{E0A6B13A-DA93-488F-8958-8A7C69FD9405}.Release|x64.Build.0 = Release|x64
		{E0A6B13A-DA93-488F-8958-8A7C69FD9405}.Release|x86.ActiveCfg = Release|Win32
		{E0A6B13A-DA93-488F-8958-8A7C69FD9405}.Release|x86.Build.0 = Release|Win32
		{B4C6F7F9-B119-4C2F-B8CD-14A0A61700F5}.Debug|x64.ActiveCfg = Debug|x64
		{B4C6F7F9-B119-4C2F-B8CD-14A0A61700F5}.Debug|x64.Build.0 = Debug|x64
		{B4C6F7F9-B119-4C2F-B8CD-14A0A61700F5}.Debug|x86.ActiveCfg = Debug|Win32
		{B4C6F7F9-B119-4C2F-B8CD-14A0A61700F5}.Debug|x86.Build.0 = Debug|Win32
		{B4C6F7F9-B119-4C2F-B8CD-14A0A61700F5}.Release|x64.ActiveCfg = Release|x64
		{B4C6F7F9-B119-4C2F-B8CD-14A0A61700F5}.Release|x64.Build.0 = Release|x64
		{B4C6F7F9-B119-4C2F-B8CD-14A0A61700F5}.Release|x86.ActiveCfg = Release|Win32
		{B4C6F7F9-B119-4C2F-B8CD-14A0A61700F5}.Release|x86.Build.0 = Release|Win32
		{581C5761-B341-4B39-8D6E-D15B7752920B}.Debug|x64.ActiveCfg = Debug|x64
		{581C5761-B341-4B39-8D6E-D15B7752920B}.Debug|x64.Build.0 = Debug|x64
		{581C5761-B341-4B39-8D6E-D15B7752920B}.Debug|x86.ActiveCfg = Debug|Win32
		{581C5761-B341-4B39-8D6E-D15B7752920B}.Debug|x86.Build.0 = Debug|Win32
		{581C5761-B341-4B39-8D6E-D15B7752920B}.Release|x64.ActiveCfg = Release|x64
		{581C5761-B341-4B39-8D6E-D15B7752920B}.Release|x64.Build.0 = Release|x64
		{581C5761-B341-4B39-8D6E-D15B7752920B}.Release|x86.ActiveCfg = Release|Win32
		{581C5761-B341-4B39-8D6E-D15B7752920B}.Release|x86.Build.0 = Release|Win32
		{82397972-7CBC-409A-83AF-93C737938CD0}.Debug|x64.ActiveCfg = Debug|x64
		{82397972-7CBC-409A-83AF-93C737938CD0}.Debug|x64.Build.0 = Debug|x64
		{82397972-7CBC-409A-83AF-93C737938CD0}.Debug|x86.ActiveCfg = Debug|Win32
		{82397972-7CBC-409A-83AF-93C737938CD0}.Debug|x86.Build.0 = Debug|Win32
		{82397972-7CBC-409A-83AF-93C737938CD0}.Release|x64.ActiveCfg = Release|x64
		{82397972-7CBC-409A-83AF-93C737938CD0}.Release|x64.Build.0 = Release|x64
		{82397972-7CBC-409A-83AF-93C737938CD0}.Release|x86.ActiveCfg = Release|Win32
		{82397972-7CBC-409A-83AF-93C737938CD0}.Release|x86.Build.0 = Release|Win32
		{AECD674E-C284-40A6-AD04-FDFF8C1DFBCF}.Debug|x64.ActiveCfg = Debug|x64
		{AECD674E-C284-40A6-AD04-FDFF8C1DFBCF}.Debug|x64.Build.0 = Debug|x64
		{AECD674E-C284-40A6-AD04-FDFF8C1DFBCF}.Debug|x86.ActiveCfg = Debug|Win32
		{AECD674E-C284-40A6-AD04-FDFF8C1DFBCF}.Debug|x86.Build.0 = Debug|Win32
		{AECD674E-C284-40A6-AD04-FDFF8C1DFBCF}.Release|x64.ActiveCfg = Release|x64
		{AECD674E-C284-40A6-AD04-FDFF8C1DFBCF}.Release|x64.Build.0 = Release|x64
		{AECD674E-C284-40A6-AD04-FDFF8C1DFBCF}.Release|x86.ActiveCfg = Release|Win32
		{AECD674E-C284-40A6-AD04-FDFF8C1DFBCF}.Release|x86.Build.0 = Release|Win32
		{E155C221-E708-48A4-AB80-D78F424FB319}.Debug|x64.ActiveCfg = Debug|x64
		{E155C221-E708-48A4-AB80-D78F424FB319}.Debug|x64.Build.0 = Debug|x64
		{E155C221-E708-48A4-AB80-D78F424FB319}.Debug|x86.ActiveCfg = Debug|Win32
		{E155C221-E708-48A4-AB80-D78F424FB319}.Debug|x86.Build.0 = Debug|Win32
		{E155C221-E708-48A4-AB80-D78F424FB319}.Release|x64.ActiveCfg = Release|x64
		{E155C221-E708-48A4-AB80-D78F424FB319}.Release|x64.Build.0 = Release|x64
		{E155C221-E708-48A4-AB80-D78F424FB319}.Release|x86.ActiveCfg = Release|Win32
		{E155C221-E708-48A4-AB80-D78F424FB319}.Release|x86.Build.0 = Release|Win32
		{CBD8130C-B56B-4731-97D2-0BC8593F866B}.Debug|x64.ActiveCfg = Debug|x64
		{CBD8130C-B56B-4731-97D2-0BC8593F866B}.Debug|x64.Build.0 = Debug|x64
		{CBD8130C-B56B-4731-97D2-0BC8593F866B}.Debug|x86.ActiveCfg = Debug|Win32
		{CBD8130C-B56B-4731-97D2-0BC8593F866B}.Debug|x86.Build.0 = Debug|Win32
		{CBD8130C-B56B-4731-97D2-0BC8593F866B}.Release|x64.ActiveCfg = Release|x64
		{CBD8130C-B56B-4731-97D2-0BC8593F866B}.Release|x64.Build.0 = Release|x64
		{CBD8130C-B56B-4731-97D2-0BC8593F866B}.Release|x86.ActiveCfg = Release|Win32
		{CBD8130C-B56B-4731-97D2-0BC8593F866B}.Release|x86.Build.0 = Release|Win32
		{C348F9E5-1177-4AB1-AC24-713CF431DBA4}.Debug|x64.ActiveCfg = Debug|x64
		{C348F9E5-1177-4AB1-AC24-713CF431DBA4}.Debug|x64.Build.0 = Debug|x64
		{C348F9E5-1177-4AB1-AC24-713CF431DBA4}.Debug|x86.ActiveCfg = Debug|Win32
		{C348F9E5-1177-4AB1-AC24-713CF431DBA4}.Debug|x86.Build.0 = Debug|Win32
		{C348F9E5-1177-4AB1-AC24-713CF431DBA4}.Release|x64.ActiveCfg = Release|x64
		{C348F9E5-1177-4AB1-AC24-713CF431DBA4}.Release|x64.Build.0 = Release|x64
		{C348F9E5-1177-4AB1-AC24-713CF431DBA4}.Release|x86.ActiveCfg = Release|Win32
		{C348F9E5-1177-4AB1-AC24-713CF431DBA4}.Release|x86.Build.0 = Release|Win32
	EndGlobalSection
	GlobalSection(SolutionProperties) = preSolution
		HideSolutionNode = FALSE
	EndGlobalSection
	GlobalSection(NestedProjects) = preSolution
		{2685DDCD-3D01-4DA4-86DC-2A0C5DBC4F44} = {1CB98717-9377-4E90-B37A-14B703478A16}
		{15957111-EBC2-4FA1-996F-5284EAFAE0F3} = {1CB98717-9377-4E90-B37A-14B703478A16}
		{3620060F-1B9F-4FFC-A94B-3CFD3594570F} = {85C3254D-43E4-4E7D-99C8-361B45091B91}
		{15251616-9F3B-40B6-ABC7-3F49750A7742} = {85C3254D-43E4-4E7D-99C8-361B45091B91}
		{8503F5C7-DB43-47A9-AA3D-F6D8F7B17B10} = {85C3254D-43E4-4E7D-99C8-361B45091B91}
		{63296DD4-6267-4679-A1C5-D9C60ED40D0B} = {85C3254D-43E4-4E7D-99C8-361B45091B91}
		{E0A6B13A-DA93-488F-8958-8A7C69FD9405} = {85C3254D-43E4-4E7D-99C8-361B45091B91}
		{B4C6F7F9-B119-4C2F-B8CD-14A0A61700F5} = {85C3254D-43E4-4E7D-99C8-361B45091B91}
		{581C5761-B341-4B39-8D6E-D15B7752920B} = {FC4FAA58-148B-42D9-820B-0DDD063A3180}
		{82397972-7CBC-409A-83AF-93C737938CD0} = {FC4FAA58-148B-42D9-820B-0DDD063A3180}
		{AECD674E-C284-40A6-AD04-FDFF8C1DFBCF} = {FC4FAA58-148B-42D9-820B-0DDD063A3180}
		{E155C221-E708-48A4-AB80-D78F424FB319} = {FC4FAA58-148B-42D9-820B-0DDD063A3180}
		{CBD8130C-B56B-4731-97D2-0BC8593F866B} = {FC4FAA58-148B-42D9-820B-0DDD063A3180}
		{C348F9E5-1177-4AB1-AC24-713CF431DBA4} = {FC4FAA58-148B-42D9-820B-0DDD063A3180}
	EndGlobalSection
	GlobalSection(ExtensibilityGlobals) = postSolution
		SolutionGuid = {9FFB901D-C4CC-4C0A-B6B8-35367EE0FF8D}
	EndGlobalSection
EndGlobal
