
Microsoft Visual Studio Solution File, Format Version 12.00
# Visual Studio Version 17
VisualStudioVersion = 17.6.33723.286
MinimumVisualStudioVersion = 10.0.40219.1
Project("{8BC9CEB8-8B4A-11D0-8D11-00A0C91BC942}") = "section_1_2_friday", "section_1_2_friday\section_1_2_friday.vcxproj", "{2685DDCD-3D01-4DA4-86DC-2A0C5DBC4F44}"
EndProject
Project("{8BC9CEB8-8B4A-11D0-8D11-00A0C91BC942}") = "beads", "section_1_2_beads\beads.vcxproj", "{15957111-EBC2-4FA1-996F-5284EAFAE0F3}"
EndProject
Project("{8BC9CEB8-8B4A-11D0-8D11-00A0C91BC942}") = "milk2", "section_1_3_milk2\milk2.vcxproj", "{3620060F-1B9F-4FFC-A94B-3CFD3594570F}"
EndProject
Project("{8BC9CEB8-8B4A-11D0-8D11-00A0C91BC942}") = "transform", "section_1_3_transform\transform.vcxproj", "{15251616-9F3B-40B6-ABC7-3F49750A7742}"
EndProject
Project("{8BC9CEB8-8B4A-11D0-8D11-00A0C91BC942}") = "namenum", "section_1_3_namenum\namenum.vcxproj", "{8503F5C7-DB43-47A9-AA3D-F6D8F7B17B10}"
EndProject
Project("{8BC9CEB8-8B4A-11D0-8D11-00A0C91BC942}") = "paldual", "paldual\paldual.vcxproj", "{E0A6B13A-DA93-488F-8958-8A7C69FD9405}"
EndProject
Project("{8BC9CEB8-8B4A-11D0-8D11-00A0C91BC942}") = "palsquare", "section_1_3_palsquare\palsquare.vcxproj", "{63296DD4-6267-4679-A1C5-D9C60ED40D0B}"
EndProject
Global
	GlobalSection(SolutionConfigurationPlatforms) = preSolution
		Debug|x64 = Debug|x64
		Debug|x86 = Debug|x86
		Release|x64 = Release|x64
		Release|x86 = Release|x86
	EndGlobalSection
	GlobalSection(ProjectConfigurationPlatforms) = postSolution
		{2685DDCD-3D01-4DA4-86DC-2A0C5DBC4F44}.Debug|x64.ActiveCfg = Debug|x64
		{2685DDCD-3D01-4DA4-86DC-2A0C5DBC4F44}.Debug|x64.Build.0 = Debug|x64
		{2685DDCD-3D01-4DA4-86DC-2A0C5DBC4F44}.Debug|x86.ActiveCfg = Debug|Win32
		{2685DDCD-3D01-4DA4-86DC-2A0C5DBC4F44}.Debug|x86.Build.0 = Debug|Win32
		{2685DDCD-3D01-4DA4-86DC-2A0C5DBC4F44}.Release|x64.ActiveCfg = Release|x64
		{2685DDCD-3D01-4DA4-86DC-2A0C5DBC4F44}.Release|x64.Build.0 = Release|x64
		{2685DDCD-3D01-4DA4-86DC-2A0C5DBC4F44}.Release|x86.ActiveCfg = Release|Win32
		{2685DDCD-3D01-4DA4-86DC-2A0C5DBC4F44}.Release|x86.Build.0 = Release|Win32
		{15957111-EBC2-4FA1-996F-5284EAFAE0F3}.Debug|x64.ActiveCfg = Debug|x64
		{15957111-EBC2-4FA1-996F-5284EAFAE0F3}.Debug|x64.Build.0 = Debug|x64
		{15957111-EBC2-4FA1-996F-5284EAFAE0F3}.Debug|x86.ActiveCfg = Debug|Win32
		{15957111-EBC2-4FA1-996F-5284EAFAE0F3}.Debug|x86.Build.0 = Debug|Win32
		{15957111-EBC2-4FA1-996F-5284EAFAE0F3}.Release|x64.ActiveCfg = Release|x64
		{15957111-EBC2-4FA1-996F-5284EAFAE0F3}.Release|x64.Build.0 = Release|x64
		{15957111-EBC2-4FA1-996F-5284EAFAE0F3}.Release|x86.ActiveCfg = Release|Win32
		{15957111-EBC2-4FA1-996F-5284EAFAE0F3}.Release|x86.Build.0 = Release|Win32
		{3620060F-1B9F-4FFC-A94B-3CFD3594570F}.Debug|x64.ActiveCfg = Debug|x64
		{3620060F-1B9F-4FFC-A94B-3CFD3594570F}.Debug|x64.Build.0 = Debug|x64
		{3620060F-1B9F-4FFC-A94B-3CFD3594570F}.Debug|x86.ActiveCfg = Debug|Win32
		{3620060F-1B9F-4FFC-A94B-3CFD3594570F}.Debug|x86.Build.0 = Debug|Win32
		{3620060F-1B9F-4FFC-A94B-3CFD3594570F}.Release|x64.ActiveCfg = Release|x64
		{3620060F-1B9F-4FFC-A94B-3CFD3594570F}.Release|x64.Build.0 = Release|x64
		{3620060F-1B9F-4FFC-A94B-3CFD3594570F}.Release|x86.ActiveCfg = Release|Win32
		{3620060F-1B9F-4FFC-A94B-3CFD3594570F}.Release|x86.Build.0 = Release|Win32
		{15251616-9F3B-40B6-ABC7-3F49750A7742}.Debug|x64.ActiveCfg = Debug|x64
		{15251616-9F3B-40B6-ABC7-3F49750A7742}.Debug|x64.Build.0 = Debug|x64
		{15251616-9F3B-40B6-ABC7-3F49750A7742}.Debug|x86.ActiveCfg = Debug|Win32
		{15251616-9F3B-40B6-ABC7-3F49750A7742}.Debug|x86.Build.0 = Debug|Win32
		{15251616-9F3B-40B6-ABC7-3F49750A7742}.Release|x64.ActiveCfg = Release|x64
		{15251616-9F3B-40B6-ABC7-3F49750A7742}.Release|x64.Build.0 = Release|x64
		{15251616-9F3B-40B6-ABC7-3F49750A7742}.Release|x86.ActiveCfg = Release|Win32
		{15251616-9F3B-40B6-ABC7-3F49750A7742}.Release|x86.Build.0 = Release|Win32
		{8503F5C7-DB43-47A9-AA3D-F6D8F7B17B10}.Debug|x64.ActiveCfg = Debug|x64
		{8503F5C7-DB43-47A9-AA3D-F6D8F7B17B10}.Debug|x64.Build.0 = Debug|x64
		{8503F5C7-DB43-47A9-AA3D-F6D8F7B17B10}.Debug|x86.ActiveCfg = Debug|Win32
		{8503F5C7-DB43-47A9-AA3D-F6D8F7B17B10}.Debug|x86.Build.0 = Debug|Win32
		{8503F5C7-DB43-47A9-AA3D-F6D8F7B17B10}.Release|x64.ActiveCfg = Release|x64
		{8503F5C7-DB43-47A9-AA3D-F6D8F7B17B10}.Release|x64.Build.0 = Release|x64
		{8503F5C7-DB43-47A9-AA3D-F6D8F7B17B10}.Release|x86.ActiveCfg = Release|Win32
		{8503F5C7-DB43-47A9-AA3D-F6D8F7B17B10}.Release|x86.Build.0 = Release|Win32
		{E0A6B13A-DA93-488F-8958-8A7C69FD9405}.Debug|x64.ActiveCfg = Debug|x64
		{E0A6B13A-DA93-488F-8958-8A7C69FD9405}.Debug|x64.Build.0 = Debug|x64
		{E0A6B13A-DA93-488F-8958-8A7C69FD9405}.Debug|x86.ActiveCfg = Debug|Win32
		{E0A6B13A-DA93-488F-8958-8A7C69FD9405}.Debug|x86.Build.0 = Debug|Win32
		{E0A6B13A-DA93-488F-8958-8A7C69FD9405}.Release|x64.ActiveCfg = Release|x64
		{E0A6B13A-DA93-488F-8958-8A7C69FD9405}.Release|x64.Build.0 = Release|x64
		{E0A6B13A-DA93-488F-8958-8A7C69FD9405}.Release|x86.ActiveCfg = Release|Win32
		{E0A6B13A-DA93-488F-8958-8A7C69FD9405}.Release|x86.Build.0 = Release|Win32
		{63296DD4-6267-4679-A1C5-D9C60ED40D0B}.Debug|x64.ActiveCfg = Debug|x64
		{63296DD4-6267-4679-A1C5-D9C60ED40D0B}.Debug|x64.Build.0 = Debug|x64
		{63296DD4-6267-4679-A1C5-D9C60ED40D0B}.Debug|x86.ActiveCfg = Debug|Win32
		{63296DD4-6267-4679-A1C5-D9C60ED40D0B}.Debug|x86.Build.0 = Debug|Win32
		{63296DD4-6267-4679-A1C5-D9C60ED40D0B}.Release|x64.ActiveCfg = Release|x64
		{63296DD4-6267-4679-A1C5-D9C60ED40D0B}.Release|x64.Build.0 = Release|x64
		{63296DD4-6267-4679-A1C5-D9C60ED40D0B}.Release|x86.ActiveCfg = Release|Win32
		{63296DD4-6267-4679-A1C5-D9C60ED40D0B}.Release|x86.Build.0 = Release|Win32
	EndGlobalSection
	GlobalSection(SolutionProperties) = preSolution
		HideSolutionNode = FALSE
	EndGlobalSection
	GlobalSection(ExtensibilityGlobals) = postSolution
		SolutionGuid = {9FFB901D-C4CC-4C0A-B6B8-35367EE0FF8D}
	EndGlobalSection
EndGlobal
